// !$*UTF8*$!
{
	archiveVersion = 1;
	classes = {
	};
	objectVersion = 51;
	objects = {

/* Begin PBXBuildFile section */
		22E76B63742AFBC05FE6279D /* Pods_SwiftProj.framework in Frameworks */ = {isa = PBXBuildFile; fileRef = 35F7530B15E7FD3394A8BD51 /* Pods_SwiftProj.framework */; };
		5CD142EE24CA8C7800DB5915 /* ProjectTaskDataManager.swift in Sources */ = {isa = PBXBuildFile; fileRef = 5CD142EC24CA8C7800DB5915 /* ProjectTaskDataManager.swift */; };
		5CD142EF24CA8C7800DB5915 /* ProjectTaskMemberDataManager.swift in Sources */ = {isa = PBXBuildFile; fileRef = 5CD142ED24CA8C7800DB5915 /* ProjectTaskMemberDataManager.swift */; };
		5CD1430624CA8CDF00DB5915 /* BERTInput.swift in Sources */ = {isa = PBXBuildFile; fileRef = 5CD142FF24CA8CDE00DB5915 /* BERTInput.swift */; };
		5CD1430724CA8CDF00DB5915 /* BERTVocabulary.swift in Sources */ = {isa = PBXBuildFile; fileRef = 5CD1430024CA8CDE00DB5915 /* BERTVocabulary.swift */; };
		5CD1430824CA8CDF00DB5915 /* BERTOutput.swift in Sources */ = {isa = PBXBuildFile; fileRef = 5CD1430124CA8CDF00DB5915 /* BERTOutput.swift */; };
		5CD1430924CA8CDF00DB5915 /* BERTQAFP16.mlmodel in Sources */ = {isa = PBXBuildFile; fileRef = 5CD1430224CA8CDF00DB5915 /* BERTQAFP16.mlmodel */; };
		5CD1430A24CA8CDF00DB5915 /* TokenizedString.swift in Sources */ = {isa = PBXBuildFile; fileRef = 5CD1430324CA8CDF00DB5915 /* TokenizedString.swift */; };
		5CD1430B24CA8CDF00DB5915 /* BERT.swift in Sources */ = {isa = PBXBuildFile; fileRef = 5CD1430424CA8CDF00DB5915 /* BERT.swift */; };
		5CD1430C24CA8CDF00DB5915 /* bert-base-uncased-vocab.txt in Resources */ = {isa = PBXBuildFile; fileRef = 5CD1430524CA8CDF00DB5915 /* bert-base-uncased-vocab.txt */; };
		5CD1431A24CA913700DB5915 /* business-woman-colour.svg in Resources */ = {isa = PBXBuildFile; fileRef = 5CD1430D24CA913600DB5915 /* business-woman-colour.svg */; };
		5CD1431B24CA913700DB5915 /* business-woman-colour-400px.png in Resources */ = {isa = PBXBuildFile; fileRef = 5CD1430E24CA913600DB5915 /* business-woman-colour-400px.png */; };
		5CD1431C24CA913700DB5915 /* entryway-colour-1200px.png in Resources */ = {isa = PBXBuildFile; fileRef = 5CD1430F24CA913600DB5915 /* entryway-colour-1200px.png */; };
		5CD1431D24CA913700DB5915 /* student-colour-800px.png in Resources */ = {isa = PBXBuildFile; fileRef = 5CD1431024CA913600DB5915 /* student-colour-800px.png */; };
		5CD1431E24CA913700DB5915 /* business-woman-colour-800px.png in Resources */ = {isa = PBXBuildFile; fileRef = 5CD1431124CA913600DB5915 /* business-woman-colour-800px.png */; };
		5CD1431F24CA913700DB5915 /* student-colour.svg in Resources */ = {isa = PBXBuildFile; fileRef = 5CD1431224CA913600DB5915 /* student-colour.svg */; };
		5CD1432024CA913700DB5915 /* startScreenVid.mp4.zip in Resources */ = {isa = PBXBuildFile; fileRef = 5CD1431324CA913600DB5915 /* startScreenVid.mp4.zip */; };
		5CD1432124CA913700DB5915 /* student-colour-400px.png in Resources */ = {isa = PBXBuildFile; fileRef = 5CD1431424CA913600DB5915 /* student-colour-400px.png */; };
		5CD1432224CA913700DB5915 /* business-woman-colour-1200px.png in Resources */ = {isa = PBXBuildFile; fileRef = 5CD1431524CA913700DB5915 /* business-woman-colour-1200px.png */; };
		5CD1432324CA913700DB5915 /* student-colour-1200px.png in Resources */ = {isa = PBXBuildFile; fileRef = 5CD1431624CA913700DB5915 /* student-colour-1200px.png */; };
		5CD1432424CA913700DB5915 /* startScreenVid.mp4 in Resources */ = {isa = PBXBuildFile; fileRef = 5CD1431724CA913700DB5915 /* startScreenVid.mp4 */; };
		5CD1432524CA913700DB5915 /* business-woman-colour.psd in Resources */ = {isa = PBXBuildFile; fileRef = 5CD1431824CA913700DB5915 /* business-woman-colour.psd */; };
		5CD1432624CA913700DB5915 /* unlock-monochrome-1200px.png in Resources */ = {isa = PBXBuildFile; fileRef = 5CD1431924CA913700DB5915 /* unlock-monochrome-1200px.png */; };
		5CD1432924CA91DD00DB5915 /* wx.storyboard in Resources */ = {isa = PBXBuildFile; fileRef = 5CD1432724CA91DD00DB5915 /* wx.storyboard */; };
		5CD1433024CA922500DB5915 /* Post.swift in Sources */ = {isa = PBXBuildFile; fileRef = 5CD1432B24CA922400DB5915 /* Post.swift */; };
		5CD1433124CA922500DB5915 /* PostCell.swift in Sources */ = {isa = PBXBuildFile; fileRef = 5CD1432C24CA922400DB5915 /* PostCell.swift */; };
		5CD1433224CA922500DB5915 /* DismissSegue.swift in Sources */ = {isa = PBXBuildFile; fileRef = 5CD1432D24CA922400DB5915 /* DismissSegue.swift */; };
		5CD1433324CA922500DB5915 /* PostDetailViewController.swift in Sources */ = {isa = PBXBuildFile; fileRef = 5CD1432E24CA922400DB5915 /* PostDetailViewController.swift */; };
		5CD1433424CA922500DB5915 /* addPost.swift in Sources */ = {isa = PBXBuildFile; fileRef = 5CD1432F24CA922500DB5915 /* addPost.swift */; };
		5CD1433824CA92B200DB5915 /* WXViewController.swift in Sources */ = {isa = PBXBuildFile; fileRef = 5CD1433724CA92B100DB5915 /* WXViewController.swift */; };
		8906484924B4C8AC00325C5B /* (null) in Sources */ = {isa = PBXBuildFile; };
		8920000024A641E000EE47FA /* RepeatTableViewController.swift in Sources */ = {isa = PBXBuildFile; fileRef = 8920FFFF24A641E000EE47FA /* RepeatTableViewController.swift */; };
		8920000224A642CC00EE47FA /* EndTimeViewController.swift in Sources */ = {isa = PBXBuildFile; fileRef = 8920000124A642CC00EE47FA /* EndTimeViewController.swift */; };
		8920000824A75ACC00EE47FA /* MainViewController.swift in Sources */ = {isa = PBXBuildFile; fileRef = 8920000724A75ACC00EE47FA /* MainViewController.swift */; };
		892B0B4324750E2800D3FE7E /* CalendarViewController.swift in Sources */ = {isa = PBXBuildFile; fileRef = 892B0B4224750E2800D3FE7E /* CalendarViewController.swift */; };
		89517C81247233AC00503219 /* BreakViewController.swift in Sources */ = {isa = PBXBuildFile; fileRef = 89517C80247233AC00503219 /* BreakViewController.swift */; };
		8954EE2924C06F8400039BDF /* IndividualTaskViewController.swift in Sources */ = {isa = PBXBuildFile; fileRef = 8954EE2824C06F8400039BDF /* IndividualTaskViewController.swift */; };
		8954EE2B24C06FE300039BDF /* BottomSheetViewController.swift in Sources */ = {isa = PBXBuildFile; fileRef = 8954EE2A24C06FE300039BDF /* BottomSheetViewController.swift */; };
		8954EE2D24C0751700039BDF /* BottomSheetViewController.xib in Resources */ = {isa = PBXBuildFile; fileRef = 8954EE2C24C0751700039BDF /* BottomSheetViewController.xib */; };
		895EE02F247696B400F2C109 /* TimeViewController.swift in Sources */ = {isa = PBXBuildFile; fileRef = 895EE02E247696B400F2C109 /* TimeViewController.swift */; };
		89672C05247E34EA008F3C13 /* startScreenViewController.swift in Sources */ = {isa = PBXBuildFile; fileRef = 89672C04247E34EA008F3C13 /* startScreenViewController.swift */; };
		896EF72C24BC0B1200A4D7B0 /* TopicsClassifier.mlmodel in Sources */ = {isa = PBXBuildFile; fileRef = 896EF72B24BC0B1200A4D7B0 /* TopicsClassifier.mlmodel */; };
		89770CD024CA8A2500EB21D2 /* ProjectTaskDataManager.swift in Sources */ = {isa = PBXBuildFile; fileRef = 89770CCE24CA8A2400EB21D2 /* ProjectTaskDataManager.swift */; };
		89770CD224CA8B5800EB21D2 /* ProjectTaskMemberDataManager.swift in Sources */ = {isa = PBXBuildFile; fileRef = 89770CD124CA8B5800EB21D2 /* ProjectTaskMemberDataManager.swift */; };
		89770CD424CA8D7200EB21D2 /* memberdetailViewController.swift in Sources */ = {isa = PBXBuildFile; fileRef = 89770CD324CA8D7200EB21D2 /* memberdetailViewController.swift */; };
		897E982C24B8989C00730930 /* SpeechSynthesizer.swift in Sources */ = {isa = PBXBuildFile; fileRef = 897E982B24B8989C00730930 /* SpeechSynthesizer.swift */; };
		897E983024B89BC800730930 /* SpeechRecognizer.swift in Sources */ = {isa = PBXBuildFile; fileRef = 897E982F24B89BC800730930 /* SpeechRecognizer.swift */; };
		898646E72464626F00A5C752 /* AppDelegate.swift in Sources */ = {isa = PBXBuildFile; fileRef = 898646E62464626F00A5C752 /* AppDelegate.swift */; };
		898646E92464626F00A5C752 /* SceneDelegate.swift in Sources */ = {isa = PBXBuildFile; fileRef = 898646E82464626F00A5C752 /* SceneDelegate.swift */; };
		898646EB2464626F00A5C752 /* ViewController.swift in Sources */ = {isa = PBXBuildFile; fileRef = 898646EA2464626F00A5C752 /* ViewController.swift */; };
		898646EE2464626F00A5C752 /* Main.storyboard in Resources */ = {isa = PBXBuildFile; fileRef = 898646EC2464626F00A5C752 /* Main.storyboard */; };
		898646F12464626F00A5C752 /* SwiftProj.xcdatamodeld in Sources */ = {isa = PBXBuildFile; fileRef = 898646EF2464626F00A5C752 /* SwiftProj.xcdatamodeld */; };
		898646F32464627000A5C752 /* Assets.xcassets in Resources */ = {isa = PBXBuildFile; fileRef = 898646F22464627000A5C752 /* Assets.xcassets */; };
		898646F62464627000A5C752 /* LaunchScreen.storyboard in Resources */ = {isa = PBXBuildFile; fileRef = 898646F42464627000A5C752 /* LaunchScreen.storyboard */; };
		898646FE2464651C00A5C752 /* EntryViewController.swift in Sources */ = {isa = PBXBuildFile; fileRef = 898646FD2464651C00A5C752 /* EntryViewController.swift */; };
		898647002464653600A5C752 /* TaskViewController.swift in Sources */ = {isa = PBXBuildFile; fileRef = 898646FF2464653600A5C752 /* TaskViewController.swift */; };
		89921942246E450A0029BFF5 /* CaseDataManager.swift in Sources */ = {isa = PBXBuildFile; fileRef = 8992193E246E450A0029BFF5 /* CaseDataManager.swift */; };
		89921943246E450A0029BFF5 /* FullCaseDataManager.swift in Sources */ = {isa = PBXBuildFile; fileRef = 8992193F246E450A0029BFF5 /* FullCaseDataManager.swift */; };
		89921944246E450A0029BFF5 /* DataManager.swift in Sources */ = {isa = PBXBuildFile; fileRef = 89921940246E450A0029BFF5 /* DataManager.swift */; };
		89921945246E450A0029BFF5 /* CountryDataManager.swift in Sources */ = {isa = PBXBuildFile; fileRef = 89921941246E450A0029BFF5 /* CountryDataManager.swift */; };
		89921948246E45290029BFF5 /* SavedCountry.swift in Sources */ = {isa = PBXBuildFile; fileRef = 89921946246E45290029BFF5 /* SavedCountry.swift */; };
		89921949246E45290029BFF5 /* Case.swift in Sources */ = {isa = PBXBuildFile; fileRef = 89921947246E45290029BFF5 /* Case.swift */; };
		8992194D246E45760029BFF5 /* HTTP.swift in Sources */ = {isa = PBXBuildFile; fileRef = 8992194B246E45760029BFF5 /* HTTP.swift */; };
		8992194E246E45760029BFF5 /* SwiftyJSON.swift in Sources */ = {isa = PBXBuildFile; fileRef = 8992194C246E45760029BFF5 /* SwiftyJSON.swift */; };
		89921950246E459C0029BFF5 /* SQLiteDB.swift in Sources */ = {isa = PBXBuildFile; fileRef = 8992194F246E459C0029BFF5 /* SQLiteDB.swift */; };
		89921952246E45CB0029BFF5 /* MapViewController.swift in Sources */ = {isa = PBXBuildFile; fileRef = 89921951246E45CB0029BFF5 /* MapViewController.swift */; };
		89921958246E46870029BFF5 /* BridgingHeader.m in Sources */ = {isa = PBXBuildFile; fileRef = 89921957246E46870029BFF5 /* BridgingHeader.m */; };
		8992195B246E46CD0029BFF5 /* libsqlite3.tbd in Frameworks */ = {isa = PBXBuildFile; fileRef = 8992195A246E46CD0029BFF5 /* libsqlite3.tbd */; };
		89A67B40249BB35C006241C5 /* ProfileViewController.swift in Sources */ = {isa = PBXBuildFile; fileRef = 89A67B3F249BB35C006241C5 /* ProfileViewController.swift */; };
		89A94E0524C023C600287A03 /* IndividualCollectionViewCell.swift in Sources */ = {isa = PBXBuildFile; fileRef = 89A94E0424C023C600287A03 /* IndividualCollectionViewCell.swift */; };
		89C8AEFA247FE45300F3F614 /* TaskCommentViewController.swift in Sources */ = {isa = PBXBuildFile; fileRef = 89C8AEF9247FE45300F3F614 /* TaskCommentViewController.swift */; };
		89C8AEFD247FE66B00F3F614 /* CommentCell.swift in Sources */ = {isa = PBXBuildFile; fileRef = 89C8AEFC247FE66B00F3F614 /* CommentCell.swift */; };
		89E17010247A538A004C3F45 /* User.swift in Sources */ = {isa = PBXBuildFile; fileRef = 89E1700F247A538A004C3F45 /* User.swift */; };
		89E17014247A55CE004C3F45 /* GoogleService-Info.plist in Resources */ = {isa = PBXBuildFile; fileRef = 89E17013247A55CE004C3F45 /* GoogleService-Info.plist */; };
		89E17016247A58BD004C3F45 /* LoginViewController.swift in Sources */ = {isa = PBXBuildFile; fileRef = 89E17015247A58BD004C3F45 /* LoginViewController.swift */; };
		89E17018247A58DE004C3F45 /* RegisterViewController.swift in Sources */ = {isa = PBXBuildFile; fileRef = 89E17017247A58DE004C3F45 /* RegisterViewController.swift */; };
		89EDABFA24AEFF8B00EBDF2C /* ImportanceTableViewController.swift in Sources */ = {isa = PBXBuildFile; fileRef = 89EDABF924AEFF8B00EBDF2C /* ImportanceTableViewController.swift */; };
		89F6535124B1D56D003C2B0A /* forgotPasswordViewController.swift in Sources */ = {isa = PBXBuildFile; fileRef = 89F6535024B1D56D003C2B0A /* forgotPasswordViewController.swift */; };
		89F8DA9D2464FF1E00B54354 /* TaskCell.swift in Sources */ = {isa = PBXBuildFile; fileRef = 89F8DA9C2464FF1E00B54354 /* TaskCell.swift */; };
		89FBBC9E24B8D3A9001D0EFD /* tessdata in Resources */ = {isa = PBXBuildFile; fileRef = 89FBBC9D24B8D3A8001D0EFD /* tessdata */; };
		89FD652724C30852005A7BEA /* Document.swift in Sources */ = {isa = PBXBuildFile; fileRef = 89FD652624C30852005A7BEA /* Document.swift */; };
		89FD652924C3085B005A7BEA /* MasterViewController.swift in Sources */ = {isa = PBXBuildFile; fileRef = 89FD652824C3085B005A7BEA /* MasterViewController.swift */; };
		89FD652B24C3085F005A7BEA /* DetailViewController.swift in Sources */ = {isa = PBXBuildFile; fileRef = 89FD652A24C3085F005A7BEA /* DetailViewController.swift */; };
		89FD655A24C3448B005A7BEA /* IndexerCollectionViewController.swift in Sources */ = {isa = PBXBuildFile; fileRef = 89FD655924C3448B005A7BEA /* IndexerCollectionViewController.swift */; };
		89FDD3A524B4D0A700DEBD96 /* topicText.csv in Resources */ = {isa = PBXBuildFile; fileRef = 89FDD3A424B4D0A700DEBD96 /* topicText.csv */; };
		89FDD3A924B632BD00DEBD96 /* SubjectTableViewController.swift in Sources */ = {isa = PBXBuildFile; fileRef = 89FDD3A824B632BD00DEBD96 /* SubjectTableViewController.swift */; };
		89FE2A5D246477720006F595 /* Task.swift in Sources */ = {isa = PBXBuildFile; fileRef = 89FE2A5C246477720006F595 /* Task.swift */; };
		9E567DC324AAFC3200DE6CDA /* Seb_LaunchScreen.storyboard in Resources */ = {isa = PBXBuildFile; fileRef = 9E567DC024AAFC3200DE6CDA /* Seb_LaunchScreen.storyboard */; };
		9E62D91F24BE1A0C003462F1 /* (null) in Sources */ = {isa = PBXBuildFile; };
		9E62D92124BE1A38003462F1 /* (null) in Sources */ = {isa = PBXBuildFile; };
		9E62D92324BE1A88003462F1 /* (null) in Sources */ = {isa = PBXBuildFile; };
		9E62D92524BE1AF0003462F1 /* (null) in Sources */ = {isa = PBXBuildFile; };
		9E62D92924BE1B5A003462F1 /* (null) in Sources */ = {isa = PBXBuildFile; };
		9E62D96F24BE1BBB003462F1 /* (null) in Sources */ = {isa = PBXBuildFile; };
		9E62D97124BE1BBB003462F1 /* (null) in Sources */ = {isa = PBXBuildFile; };
		9E62D97224BE1BBB003462F1 /* (null) in Sources */ = {isa = PBXBuildFile; };
		9E62D97324BE1BBB003462F1 /* (null) in Sources */ = {isa = PBXBuildFile; };
		9E62D97424BE1BBB003462F1 /* (null) in Sources */ = {isa = PBXBuildFile; };
		9E62D97524BE1BBB003462F1 /* (null) in Sources */ = {isa = PBXBuildFile; };
		9E62D97624BE1BBB003462F1 /* (null) in Sources */ = {isa = PBXBuildFile; };
		9E62D97724BE1BBB003462F1 /* (null) in Sources */ = {isa = PBXBuildFile; };
		9E62D97824BE1BBB003462F1 /* (null) in Sources */ = {isa = PBXBuildFile; };
		9E62D97924BE1BBB003462F1 /* (null) in Sources */ = {isa = PBXBuildFile; };
		9E62D97A24BE1BBB003462F1 /* (null) in Sources */ = {isa = PBXBuildFile; };
		9E62D97B24BE1BBB003462F1 /* (null) in Sources */ = {isa = PBXBuildFile; };
		9E62D97C24BE1BBC003462F1 /* (null) in Sources */ = {isa = PBXBuildFile; };
		9E62D97D24BE1BBC003462F1 /* (null) in Sources */ = {isa = PBXBuildFile; };
		9E62D97E24BE1BBC003462F1 /* (null) in Sources */ = {isa = PBXBuildFile; };
		9E62D97F24BE1BBC003462F1 /* (null) in Sources */ = {isa = PBXBuildFile; };
		9E62D98024BE1BBC003462F1 /* (null) in Sources */ = {isa = PBXBuildFile; };
		9E62D98124BE1BBC003462F1 /* (null) in Sources */ = {isa = PBXBuildFile; };
		9E62D98224BE1BBC003462F1 /* (null) in Sources */ = {isa = PBXBuildFile; };
		9E62D98324BE1BBC003462F1 /* (null) in Sources */ = {isa = PBXBuildFile; };
		9E62D98424BE1BBC003462F1 /* (null) in Sources */ = {isa = PBXBuildFile; };
		9E62D98524BE1BBC003462F1 /* (null) in Sources */ = {isa = PBXBuildFile; };
		9EFFB64524C5F2980073CE59 /* ProjectTask.swift in Sources */ = {isa = PBXBuildFile; fileRef = 9EFFB64024C5F2980073CE59 /* ProjectTask.swift */; };
		9EFFB64624C5F2980073CE59 /* Project.swift in Sources */ = {isa = PBXBuildFile; fileRef = 9EFFB64124C5F2980073CE59 /* Project.swift */; };
		9EFFB64724C5F2980073CE59 /* ProjectTaskMember.swift in Sources */ = {isa = PBXBuildFile; fileRef = 9EFFB64224C5F2980073CE59 /* ProjectTaskMember.swift */; };
		9EFFB64824C5F2980073CE59 /* Projectgroup.swift in Sources */ = {isa = PBXBuildFile; fileRef = 9EFFB64324C5F2980073CE59 /* Projectgroup.swift */; };
		9EFFB64924C5F2980073CE59 /* Role.swift in Sources */ = {isa = PBXBuildFile; fileRef = 9EFFB64424C5F2980073CE59 /* Role.swift */; };
		9EFFB64F24C5F2FD0073CE59 /* ProjectDataManager.swift in Sources */ = {isa = PBXBuildFile; fileRef = 9EFFB64A24C5F2FC0073CE59 /* ProjectDataManager.swift */; };
		9EFFB65224C5F2FD0073CE59 /* RoleDataManager.swift in Sources */ = {isa = PBXBuildFile; fileRef = 9EFFB64D24C5F2FC0073CE59 /* RoleDataManager.swift */; };
		9EFFB65324C5F2FD0073CE59 /* ProjectgroupDataManager.swift in Sources */ = {isa = PBXBuildFile; fileRef = 9EFFB64E24C5F2FD0073CE59 /* ProjectgroupDataManager.swift */; };
		9EFFB66C24C5F3950073CE59 /* ProjectCellTableViewCell.swift in Sources */ = {isa = PBXBuildFile; fileRef = 9EFFB65424C5F3920073CE59 /* ProjectCellTableViewCell.swift */; };
		9EFFB66D24C5F3950073CE59 /* taskmemberTableViewCell.swift in Sources */ = {isa = PBXBuildFile; fileRef = 9EFFB65524C5F3920073CE59 /* taskmemberTableViewCell.swift */; };
		9EFFB66E24C5F3950073CE59 /* RoleTableViewCell.swift in Sources */ = {isa = PBXBuildFile; fileRef = 9EFFB65624C5F3920073CE59 /* RoleTableViewCell.swift */; };
		9EFFB66F24C5F3950073CE59 /* projectmemberTableViewCell.swift in Sources */ = {isa = PBXBuildFile; fileRef = 9EFFB65724C5F3920073CE59 /* projectmemberTableViewCell.swift */; };
		9EFFB67024C5F3950073CE59 /* ProjecttaskmemberViewController.swift in Sources */ = {isa = PBXBuildFile; fileRef = 9EFFB65824C5F3930073CE59 /* ProjecttaskmemberViewController.swift */; };
		9EFFB67124C5F3950073CE59 /* projectdetail1ViewController.swift in Sources */ = {isa = PBXBuildFile; fileRef = 9EFFB65924C5F3930073CE59 /* projectdetail1ViewController.swift */; };
		9EFFB67224C5F3950073CE59 /* ProjectViewController.swift in Sources */ = {isa = PBXBuildFile; fileRef = 9EFFB65A24C5F3930073CE59 /* ProjectViewController.swift */; };
		9EFFB67324C5F3950073CE59 /* MemberTableViewCell.swift in Sources */ = {isa = PBXBuildFile; fileRef = 9EFFB65B24C5F3930073CE59 /* MemberTableViewCell.swift */; };
		9EFFB67424C5F3950073CE59 /* invitationnotiTableViewCell.swift in Sources */ = {isa = PBXBuildFile; fileRef = 9EFFB65C24C5F3930073CE59 /* invitationnotiTableViewCell.swift */; };
		9EFFB67524C5F3950073CE59 /* createprojectViewController.swift in Sources */ = {isa = PBXBuildFile; fileRef = 9EFFB65D24C5F3930073CE59 /* createprojectViewController.swift */; };
		9EFFB67624C5F3950073CE59 /* projecttaskdetailViewController.swift in Sources */ = {isa = PBXBuildFile; fileRef = 9EFFB65E24C5F3930073CE59 /* projecttaskdetailViewController.swift */; };
		9EFFB67724C5F3950073CE59 /* addtask2ViewController.swift in Sources */ = {isa = PBXBuildFile; fileRef = 9EFFB65F24C5F3930073CE59 /* addtask2ViewController.swift */; };
		9EFFB67824C5F3950073CE59 /* projectnotificationViewController.swift in Sources */ = {isa = PBXBuildFile; fileRef = 9EFFB66024C5F3940073CE59 /* projectnotificationViewController.swift */; };
		9EFFB67924C5F3950073CE59 /* createproject2ViewController.swift in Sources */ = {isa = PBXBuildFile; fileRef = 9EFFB66124C5F3940073CE59 /* createproject2ViewController.swift */; };
		9EFFB67A24C5F3950073CE59 /* addmemberViewController.swift in Sources */ = {isa = PBXBuildFile; fileRef = 9EFFB66224C5F3940073CE59 /* addmemberViewController.swift */; };
		9EFFB67B24C5F3950073CE59 /* addtask1ViewController.swift in Sources */ = {isa = PBXBuildFile; fileRef = 9EFFB66324C5F3940073CE59 /* addtask1ViewController.swift */; };
		9EFFB67C24C5F3950073CE59 /* addmemberTableViewCell.swift in Sources */ = {isa = PBXBuildFile; fileRef = 9EFFB66424C5F3940073CE59 /* addmemberTableViewCell.swift */; };
		9EFFB67D24C5F3950073CE59 /* taskTableViewCell.swift in Sources */ = {isa = PBXBuildFile; fileRef = 9EFFB66524C5F3940073CE59 /* taskTableViewCell.swift */; };
		9EFFB67E24C5F3950073CE59 /* addroleViewController.swift in Sources */ = {isa = PBXBuildFile; fileRef = 9EFFB66624C5F3940073CE59 /* addroleViewController.swift */; };
		9EFFB67F24C5F3950073CE59 /* MemberViewController.swift in Sources */ = {isa = PBXBuildFile; fileRef = 9EFFB66724C5F3950073CE59 /* MemberViewController.swift */; };
		9EFFB68024C5F3950073CE59 /* addprojectpageviewcontrollerViewController.swift in Sources */ = {isa = PBXBuildFile; fileRef = 9EFFB66824C5F3950073CE59 /* addprojectpageviewcontrollerViewController.swift */; };
		9EFFB68124C5F3950073CE59 /* projectdetail2ViewController.swift in Sources */ = {isa = PBXBuildFile; fileRef = 9EFFB66924C5F3950073CE59 /* projectdetail2ViewController.swift */; };
		9EFFB68224C5F3950073CE59 /* addtaskmemberTableViewCell.swift in Sources */ = {isa = PBXBuildFile; fileRef = 9EFFB66A24C5F3950073CE59 /* addtaskmemberTableViewCell.swift */; };
		9EFFB68524C5F3DA0073CE59 /* Seb_Main.storyboard in Resources */ = {isa = PBXBuildFile; fileRef = 9EFFB68424C5F3DA0073CE59 /* Seb_Main.storyboard */; };
		D7276B2D849A8B6E2CD8D851 /* (null) in Frameworks */ = {isa = PBXBuildFile; };
		F272C1CC24BB68F900CCD185 /* (null) in Sources */ = {isa = PBXBuildFile; };
		F28A1FAB24C5315900F1D0DB /* IndexCell.swift in Sources */ = {isa = PBXBuildFile; fileRef = F28A1FAA24C5315900F1D0DB /* IndexCell.swift */; };
		F28A1FAE24C531C200F1D0DB /* dom_note.swift in Sources */ = {isa = PBXBuildFile; fileRef = F28A1FAC24C531C200F1D0DB /* dom_note.swift */; };
		F28A1FAF24C531C200F1D0DB /* dom_tag.swift in Sources */ = {isa = PBXBuildFile; fileRef = F28A1FAD24C531C200F1D0DB /* dom_tag.swift */; };
		F28A1FBA24C5336100F1D0DB /* dom_FireStoreDataManager.swift in Sources */ = {isa = PBXBuildFile; fileRef = F28A1FB924C5336100F1D0DB /* dom_FireStoreDataManager.swift */; };
		F28A1FBF24C53B0A00F1D0DB /* TagsTableViewController.swift in Sources */ = {isa = PBXBuildFile; fileRef = F28A1FBB24C53B0A00F1D0DB /* TagsTableViewController.swift */; };
		F28A1FC024C53B0A00F1D0DB /* AddNoteViewController.swift in Sources */ = {isa = PBXBuildFile; fileRef = F28A1FBC24C53B0A00F1D0DB /* AddNoteViewController.swift */; };
		F28A1FC124C53B0A00F1D0DB /* NotesTableViewController.swift in Sources */ = {isa = PBXBuildFile; fileRef = F28A1FBD24C53B0A00F1D0DB /* NotesTableViewController.swift */; };
		F28A1FC224C53B0A00F1D0DB /* SideMenuTableViewController.swift in Sources */ = {isa = PBXBuildFile; fileRef = F28A1FBE24C53B0A00F1D0DB /* SideMenuTableViewController.swift */; };
		F2DE2A9E24C2C61F006EC81F /* (null) in Sources */ = {isa = PBXBuildFile; };
		F2F5A4FB24C542A3009295E4 /* Dom_Storyboard.storyboard in Resources */ = {isa = PBXBuildFile; fileRef = F2F5A4FA24C542A3009295E4 /* Dom_Storyboard.storyboard */; };
/* End PBXBuildFile section */

/* Begin PBXFileReference section */
		0E160307C8DEF2DC28D26549 /* Pods-SwiftProj.release.xcconfig */ = {isa = PBXFileReference; includeInIndex = 1; lastKnownFileType = text.xcconfig; name = "Pods-SwiftProj.release.xcconfig"; path = "Target Support Files/Pods-SwiftProj/Pods-SwiftProj.release.xcconfig"; sourceTree = "<group>"; };
		35F7530B15E7FD3394A8BD51 /* Pods_SwiftProj.framework */ = {isa = PBXFileReference; explicitFileType = wrapper.framework; includeInIndex = 0; path = Pods_SwiftProj.framework; sourceTree = BUILT_PRODUCTS_DIR; };
		5CD142EC24CA8C7800DB5915 /* ProjectTaskDataManager.swift */ = {isa = PBXFileReference; fileEncoding = 4; lastKnownFileType = sourcecode.swift; path = ProjectTaskDataManager.swift; sourceTree = "<group>"; };
		5CD142ED24CA8C7800DB5915 /* ProjectTaskMemberDataManager.swift */ = {isa = PBXFileReference; fileEncoding = 4; lastKnownFileType = sourcecode.swift; path = ProjectTaskMemberDataManager.swift; sourceTree = "<group>"; };
		5CD142FF24CA8CDE00DB5915 /* BERTInput.swift */ = {isa = PBXFileReference; fileEncoding = 4; lastKnownFileType = sourcecode.swift; path = BERTInput.swift; sourceTree = "<group>"; };
		5CD1430024CA8CDE00DB5915 /* BERTVocabulary.swift */ = {isa = PBXFileReference; fileEncoding = 4; lastKnownFileType = sourcecode.swift; path = BERTVocabulary.swift; sourceTree = "<group>"; };
		5CD1430124CA8CDF00DB5915 /* BERTOutput.swift */ = {isa = PBXFileReference; fileEncoding = 4; lastKnownFileType = sourcecode.swift; path = BERTOutput.swift; sourceTree = "<group>"; };
		5CD1430224CA8CDF00DB5915 /* BERTQAFP16.mlmodel */ = {isa = PBXFileReference; lastKnownFileType = file.mlmodel; path = BERTQAFP16.mlmodel; sourceTree = "<group>"; };
		5CD1430324CA8CDF00DB5915 /* TokenizedString.swift */ = {isa = PBXFileReference; fileEncoding = 4; lastKnownFileType = sourcecode.swift; path = TokenizedString.swift; sourceTree = "<group>"; };
		5CD1430424CA8CDF00DB5915 /* BERT.swift */ = {isa = PBXFileReference; fileEncoding = 4; lastKnownFileType = sourcecode.swift; path = BERT.swift; sourceTree = "<group>"; };
		5CD1430524CA8CDF00DB5915 /* bert-base-uncased-vocab.txt */ = {isa = PBXFileReference; fileEncoding = 4; lastKnownFileType = text; path = "bert-base-uncased-vocab.txt"; sourceTree = "<group>"; };
		5CD1430D24CA913600DB5915 /* business-woman-colour.svg */ = {isa = PBXFileReference; fileEncoding = 4; lastKnownFileType = text; path = "business-woman-colour.svg"; sourceTree = "<group>"; };
		5CD1430E24CA913600DB5915 /* business-woman-colour-400px.png */ = {isa = PBXFileReference; lastKnownFileType = image.png; path = "business-woman-colour-400px.png"; sourceTree = "<group>"; };
		5CD1430F24CA913600DB5915 /* entryway-colour-1200px.png */ = {isa = PBXFileReference; lastKnownFileType = image.png; path = "entryway-colour-1200px.png"; sourceTree = "<group>"; };
		5CD1431024CA913600DB5915 /* student-colour-800px.png */ = {isa = PBXFileReference; lastKnownFileType = image.png; path = "student-colour-800px.png"; sourceTree = "<group>"; };
		5CD1431124CA913600DB5915 /* business-woman-colour-800px.png */ = {isa = PBXFileReference; lastKnownFileType = image.png; path = "business-woman-colour-800px.png"; sourceTree = "<group>"; };
		5CD1431224CA913600DB5915 /* student-colour.svg */ = {isa = PBXFileReference; fileEncoding = 4; lastKnownFileType = text; path = "student-colour.svg"; sourceTree = "<group>"; };
		5CD1431324CA913600DB5915 /* startScreenVid.mp4.zip */ = {isa = PBXFileReference; lastKnownFileType = archive.zip; path = startScreenVid.mp4.zip; sourceTree = "<group>"; };
		5CD1431424CA913600DB5915 /* student-colour-400px.png */ = {isa = PBXFileReference; lastKnownFileType = image.png; path = "student-colour-400px.png"; sourceTree = "<group>"; };
		5CD1431524CA913700DB5915 /* business-woman-colour-1200px.png */ = {isa = PBXFileReference; lastKnownFileType = image.png; path = "business-woman-colour-1200px.png"; sourceTree = "<group>"; };
		5CD1431624CA913700DB5915 /* student-colour-1200px.png */ = {isa = PBXFileReference; lastKnownFileType = image.png; path = "student-colour-1200px.png"; sourceTree = "<group>"; };
		5CD1431724CA913700DB5915 /* startScreenVid.mp4 */ = {isa = PBXFileReference; lastKnownFileType = file; path = startScreenVid.mp4; sourceTree = "<group>"; };
		5CD1431824CA913700DB5915 /* business-woman-colour.psd */ = {isa = PBXFileReference; lastKnownFileType = file; path = "business-woman-colour.psd"; sourceTree = "<group>"; };
		5CD1431924CA913700DB5915 /* unlock-monochrome-1200px.png */ = {isa = PBXFileReference; lastKnownFileType = image.png; path = "unlock-monochrome-1200px.png"; sourceTree = "<group>"; };
		5CD1432824CA91DD00DB5915 /* Base */ = {isa = PBXFileReference; lastKnownFileType = file.storyboard; name = Base; path = Base.lproj/wx.storyboard; sourceTree = "<group>"; };
		5CD1432B24CA922400DB5915 /* Post.swift */ = {isa = PBXFileReference; fileEncoding = 4; lastKnownFileType = sourcecode.swift; path = Post.swift; sourceTree = "<group>"; };
		5CD1432C24CA922400DB5915 /* PostCell.swift */ = {isa = PBXFileReference; fileEncoding = 4; lastKnownFileType = sourcecode.swift; path = PostCell.swift; sourceTree = "<group>"; };
		5CD1432D24CA922400DB5915 /* DismissSegue.swift */ = {isa = PBXFileReference; fileEncoding = 4; lastKnownFileType = sourcecode.swift; path = DismissSegue.swift; sourceTree = "<group>"; };
		5CD1432E24CA922400DB5915 /* PostDetailViewController.swift */ = {isa = PBXFileReference; fileEncoding = 4; lastKnownFileType = sourcecode.swift; path = PostDetailViewController.swift; sourceTree = "<group>"; };
		5CD1432F24CA922500DB5915 /* addPost.swift */ = {isa = PBXFileReference; fileEncoding = 4; lastKnownFileType = sourcecode.swift; path = addPost.swift; sourceTree = "<group>"; };
		5CD1433724CA92B100DB5915 /* WXViewController.swift */ = {isa = PBXFileReference; fileEncoding = 4; lastKnownFileType = sourcecode.swift; path = WXViewController.swift; sourceTree = "<group>"; };
		8920000124A642CC00EE47FA /* EndTimeViewController.swift */ = {isa = PBXFileReference; lastKnownFileType = sourcecode.swift; path = EndTimeViewController.swift; sourceTree = "<group>"; };
		8920000724A75ACC00EE47FA /* MainViewController.swift */ = {isa = PBXFileReference; lastKnownFileType = sourcecode.swift; path = MainViewController.swift; sourceTree = "<group>"; };
		8920FFFF24A641E000EE47FA /* RepeatTableViewController.swift */ = {isa = PBXFileReference; lastKnownFileType = sourcecode.swift; path = RepeatTableViewController.swift; sourceTree = "<group>"; };
		8928F3282466C4330087C59F /* Proxima Nova Extrabold.otf */ = {isa = PBXFileReference; lastKnownFileType = file; path = "Proxima Nova Extrabold.otf"; sourceTree = "<group>"; };
		8928F3292466C4330087C59F /* Proxima Nova Alt Light.otf */ = {isa = PBXFileReference; lastKnownFileType = file; path = "Proxima Nova Alt Light.otf"; sourceTree = "<group>"; };
		8928F32A2466C4330087C59F /* Proxima Nova Alt Thin.otf */ = {isa = PBXFileReference; lastKnownFileType = file; path = "Proxima Nova Alt Thin.otf"; sourceTree = "<group>"; };
		8928F32B2466C4330087C59F /* Proxima Nova Bold.otf */ = {isa = PBXFileReference; lastKnownFileType = file; path = "Proxima Nova Bold.otf"; sourceTree = "<group>"; };
		8928F32C2466C4330087C59F /* Proxima Nova Thin.otf */ = {isa = PBXFileReference; lastKnownFileType = file; path = "Proxima Nova Thin.otf"; sourceTree = "<group>"; };
		8928F32D2466C4330087C59F /* ProximaNova-Regular.otf */ = {isa = PBXFileReference; lastKnownFileType = file; path = "ProximaNova-Regular.otf"; sourceTree = "<group>"; };
		8928F32E2466C4330087C59F /* Proxima Nova Black.otf */ = {isa = PBXFileReference; lastKnownFileType = file; path = "Proxima Nova Black.otf"; sourceTree = "<group>"; };
		8928F32F2466C4330087C59F /* Proxima Nova Alt Bold.otf */ = {isa = PBXFileReference; lastKnownFileType = file; path = "Proxima Nova Alt Bold.otf"; sourceTree = "<group>"; };
		892B0B4224750E2800D3FE7E /* CalendarViewController.swift */ = {isa = PBXFileReference; lastKnownFileType = sourcecode.swift; path = CalendarViewController.swift; sourceTree = "<group>"; };
		89517C80247233AC00503219 /* BreakViewController.swift */ = {isa = PBXFileReference; lastKnownFileType = sourcecode.swift; path = BreakViewController.swift; sourceTree = "<group>"; };
		8954EE2824C06F8400039BDF /* IndividualTaskViewController.swift */ = {isa = PBXFileReference; lastKnownFileType = sourcecode.swift; path = IndividualTaskViewController.swift; sourceTree = "<group>"; };
		8954EE2A24C06FE300039BDF /* BottomSheetViewController.swift */ = {isa = PBXFileReference; lastKnownFileType = sourcecode.swift; path = BottomSheetViewController.swift; sourceTree = "<group>"; };
		8954EE2C24C0751700039BDF /* BottomSheetViewController.xib */ = {isa = PBXFileReference; fileEncoding = 4; lastKnownFileType = file.xib; path = BottomSheetViewController.xib; sourceTree = "<group>"; };
		895EE02E247696B400F2C109 /* TimeViewController.swift */ = {isa = PBXFileReference; lastKnownFileType = sourcecode.swift; path = TimeViewController.swift; sourceTree = "<group>"; };
		89672C04247E34EA008F3C13 /* startScreenViewController.swift */ = {isa = PBXFileReference; lastKnownFileType = sourcecode.swift; path = startScreenViewController.swift; sourceTree = "<group>"; };
		896EF72B24BC0B1200A4D7B0 /* TopicsClassifier.mlmodel */ = {isa = PBXFileReference; lastKnownFileType = file.mlmodel; path = TopicsClassifier.mlmodel; sourceTree = "<group>"; };
		89770CCE24CA8A2400EB21D2 /* ProjectTaskDataManager.swift */ = {isa = PBXFileReference; fileEncoding = 4; lastKnownFileType = sourcecode.swift; path = ProjectTaskDataManager.swift; sourceTree = "<group>"; };
		89770CD124CA8B5800EB21D2 /* ProjectTaskMemberDataManager.swift */ = {isa = PBXFileReference; fileEncoding = 4; lastKnownFileType = sourcecode.swift; path = ProjectTaskMemberDataManager.swift; sourceTree = "<group>"; };
		89770CD324CA8D7200EB21D2 /* memberdetailViewController.swift */ = {isa = PBXFileReference; fileEncoding = 4; lastKnownFileType = sourcecode.swift; path = memberdetailViewController.swift; sourceTree = "<group>"; };
		897E982B24B8989C00730930 /* SpeechSynthesizer.swift */ = {isa = PBXFileReference; fileEncoding = 4; lastKnownFileType = sourcecode.swift; path = SpeechSynthesizer.swift; sourceTree = "<group>"; };
		897E982F24B89BC800730930 /* SpeechRecognizer.swift */ = {isa = PBXFileReference; fileEncoding = 4; lastKnownFileType = sourcecode.swift; path = SpeechRecognizer.swift; sourceTree = "<group>"; };
		898646E32464626F00A5C752 /* SwiftProj.app */ = {isa = PBXFileReference; explicitFileType = wrapper.application; includeInIndex = 0; path = SwiftProj.app; sourceTree = BUILT_PRODUCTS_DIR; };
		898646E62464626F00A5C752 /* AppDelegate.swift */ = {isa = PBXFileReference; lastKnownFileType = sourcecode.swift; path = AppDelegate.swift; sourceTree = "<group>"; };
		898646E82464626F00A5C752 /* SceneDelegate.swift */ = {isa = PBXFileReference; lastKnownFileType = sourcecode.swift; path = SceneDelegate.swift; sourceTree = "<group>"; };
		898646EA2464626F00A5C752 /* ViewController.swift */ = {isa = PBXFileReference; lastKnownFileType = sourcecode.swift; path = ViewController.swift; sourceTree = "<group>"; };
		898646ED2464626F00A5C752 /* Base */ = {isa = PBXFileReference; lastKnownFileType = file.storyboard; name = Base; path = Base.lproj/Main.storyboard; sourceTree = "<group>"; };
		898646F02464626F00A5C752 /* SwiftProj.xcdatamodel */ = {isa = PBXFileReference; lastKnownFileType = wrapper.xcdatamodel; path = SwiftProj.xcdatamodel; sourceTree = "<group>"; };
		898646F22464627000A5C752 /* Assets.xcassets */ = {isa = PBXFileReference; lastKnownFileType = folder.assetcatalog; path = Assets.xcassets; sourceTree = "<group>"; };
		898646F52464627000A5C752 /* Base */ = {isa = PBXFileReference; lastKnownFileType = file.storyboard; name = Base; path = Base.lproj/LaunchScreen.storyboard; sourceTree = "<group>"; };
		898646F72464627000A5C752 /* Info.plist */ = {isa = PBXFileReference; lastKnownFileType = text.plist.xml; path = Info.plist; sourceTree = "<group>"; };
		898646FD2464651C00A5C752 /* EntryViewController.swift */ = {isa = PBXFileReference; lastKnownFileType = sourcecode.swift; path = EntryViewController.swift; sourceTree = "<group>"; };
		898646FF2464653600A5C752 /* TaskViewController.swift */ = {isa = PBXFileReference; lastKnownFileType = sourcecode.swift; path = TaskViewController.swift; sourceTree = "<group>"; };
		898A79C524B0AD1D003130FC /* student-colour-800px.png */ = {isa = PBXFileReference; lastKnownFileType = image.png; path = "student-colour-800px.png"; sourceTree = "<group>"; };
		898A79C624B0AD1D003130FC /* student-colour-1200px.png */ = {isa = PBXFileReference; lastKnownFileType = image.png; path = "student-colour-1200px.png"; sourceTree = "<group>"; };
		898A79C724B0AD1D003130FC /* startScreenVid.mp4 */ = {isa = PBXFileReference; lastKnownFileType = file; path = startScreenVid.mp4; sourceTree = "<group>"; };
		898A79C824B0AD1D003130FC /* student-colour.svg */ = {isa = PBXFileReference; fileEncoding = 4; lastKnownFileType = text; path = "student-colour.svg"; sourceTree = "<group>"; };
		898A79C924B0AD1D003130FC /* startScreenVid.mp4.zip */ = {isa = PBXFileReference; lastKnownFileType = archive.zip; path = startScreenVid.mp4.zip; sourceTree = "<group>"; };
		898A79CA24B0AD1D003130FC /* student-colour-400px.png */ = {isa = PBXFileReference; lastKnownFileType = image.png; path = "student-colour-400px.png"; sourceTree = "<group>"; };
		898A79D124B0D81A003130FC /* business-woman-colour.svg */ = {isa = PBXFileReference; fileEncoding = 4; lastKnownFileType = text; path = "business-woman-colour.svg"; sourceTree = "<group>"; };
		898A79D224B0D81B003130FC /* business-woman-colour-800px.png */ = {isa = PBXFileReference; lastKnownFileType = image.png; path = "business-woman-colour-800px.png"; sourceTree = "<group>"; };
		898A79D324B0D81B003130FC /* business-woman-colour-400px.png */ = {isa = PBXFileReference; lastKnownFileType = image.png; path = "business-woman-colour-400px.png"; sourceTree = "<group>"; };
		898A79D424B0D81B003130FC /* business-woman-colour.psd */ = {isa = PBXFileReference; lastKnownFileType = file; path = "business-woman-colour.psd"; sourceTree = "<group>"; };
		898A79D524B0D81B003130FC /* business-woman-colour-1200px.png */ = {isa = PBXFileReference; lastKnownFileType = image.png; path = "business-woman-colour-1200px.png"; sourceTree = "<group>"; };
		898A79DB24B0D9C1003130FC /* entryway-colour-1200px.png */ = {isa = PBXFileReference; lastKnownFileType = image.png; path = "entryway-colour-1200px.png"; sourceTree = "<group>"; };
		8992193E246E450A0029BFF5 /* CaseDataManager.swift */ = {isa = PBXFileReference; fileEncoding = 4; lastKnownFileType = sourcecode.swift; path = CaseDataManager.swift; sourceTree = "<group>"; };
		8992193F246E450A0029BFF5 /* FullCaseDataManager.swift */ = {isa = PBXFileReference; fileEncoding = 4; lastKnownFileType = sourcecode.swift; path = FullCaseDataManager.swift; sourceTree = "<group>"; };
		89921940246E450A0029BFF5 /* DataManager.swift */ = {isa = PBXFileReference; fileEncoding = 4; lastKnownFileType = sourcecode.swift; path = DataManager.swift; sourceTree = "<group>"; };
		89921941246E450A0029BFF5 /* CountryDataManager.swift */ = {isa = PBXFileReference; fileEncoding = 4; lastKnownFileType = sourcecode.swift; path = CountryDataManager.swift; sourceTree = "<group>"; };
		89921946246E45290029BFF5 /* SavedCountry.swift */ = {isa = PBXFileReference; fileEncoding = 4; lastKnownFileType = sourcecode.swift; path = SavedCountry.swift; sourceTree = "<group>"; };
		89921947246E45290029BFF5 /* Case.swift */ = {isa = PBXFileReference; fileEncoding = 4; lastKnownFileType = sourcecode.swift; path = Case.swift; sourceTree = "<group>"; };
		8992194B246E45760029BFF5 /* HTTP.swift */ = {isa = PBXFileReference; fileEncoding = 4; lastKnownFileType = sourcecode.swift; path = HTTP.swift; sourceTree = "<group>"; };
		8992194C246E45760029BFF5 /* SwiftyJSON.swift */ = {isa = PBXFileReference; fileEncoding = 4; lastKnownFileType = sourcecode.swift; path = SwiftyJSON.swift; sourceTree = "<group>"; };
		8992194F246E459C0029BFF5 /* SQLiteDB.swift */ = {isa = PBXFileReference; fileEncoding = 4; lastKnownFileType = sourcecode.swift; path = SQLiteDB.swift; sourceTree = "<group>"; };
		89921951246E45CB0029BFF5 /* MapViewController.swift */ = {isa = PBXFileReference; lastKnownFileType = sourcecode.swift; path = MapViewController.swift; sourceTree = "<group>"; };
		89921955246E46870029BFF5 /* SwiftProj-Bridging-Header.h */ = {isa = PBXFileReference; lastKnownFileType = sourcecode.c.h; path = "SwiftProj-Bridging-Header.h"; sourceTree = "<group>"; };
		89921956246E46870029BFF5 /* BridgingHeader.h */ = {isa = PBXFileReference; lastKnownFileType = sourcecode.c.h; path = BridgingHeader.h; sourceTree = "<group>"; };
		89921957246E46870029BFF5 /* BridgingHeader.m */ = {isa = PBXFileReference; lastKnownFileType = sourcecode.c.objc; path = BridgingHeader.m; sourceTree = "<group>"; };
		8992195A246E46CD0029BFF5 /* libsqlite3.tbd */ = {isa = PBXFileReference; lastKnownFileType = "sourcecode.text-based-dylib-definition"; name = libsqlite3.tbd; path = usr/lib/libsqlite3.tbd; sourceTree = SDKROOT; };
		89A67B3F249BB35C006241C5 /* ProfileViewController.swift */ = {isa = PBXFileReference; lastKnownFileType = sourcecode.swift; path = ProfileViewController.swift; sourceTree = "<group>"; };
		89A94E0424C023C600287A03 /* IndividualCollectionViewCell.swift */ = {isa = PBXFileReference; lastKnownFileType = sourcecode.swift; name = IndividualCollectionViewCell.swift; path = SwiftProj/Fonts/IndividualCollectionViewCell.swift; sourceTree = SOURCE_ROOT; };
		89C8AEF9247FE45300F3F614 /* TaskCommentViewController.swift */ = {isa = PBXFileReference; lastKnownFileType = sourcecode.swift; path = TaskCommentViewController.swift; sourceTree = "<group>"; };
		89C8AEFC247FE66B00F3F614 /* CommentCell.swift */ = {isa = PBXFileReference; lastKnownFileType = sourcecode.swift; path = CommentCell.swift; sourceTree = "<group>"; };
		89E1700F247A538A004C3F45 /* User.swift */ = {isa = PBXFileReference; lastKnownFileType = sourcecode.swift; path = User.swift; sourceTree = "<group>"; };
		89E17013247A55CE004C3F45 /* GoogleService-Info.plist */ = {isa = PBXFileReference; fileEncoding = 4; lastKnownFileType = text.plist.xml; path = "GoogleService-Info.plist"; sourceTree = "<group>"; };
		89E17015247A58BD004C3F45 /* LoginViewController.swift */ = {isa = PBXFileReference; lastKnownFileType = sourcecode.swift; path = LoginViewController.swift; sourceTree = "<group>"; };
		89E17017247A58DE004C3F45 /* RegisterViewController.swift */ = {isa = PBXFileReference; lastKnownFileType = sourcecode.swift; path = RegisterViewController.swift; sourceTree = "<group>"; };
		89EDABF924AEFF8B00EBDF2C /* ImportanceTableViewController.swift */ = {isa = PBXFileReference; lastKnownFileType = sourcecode.swift; path = ImportanceTableViewController.swift; sourceTree = "<group>"; };
		89F6534E24B1D522003C2B0A /* unlock-monochrome-1200px.png */ = {isa = PBXFileReference; lastKnownFileType = image.png; path = "unlock-monochrome-1200px.png"; sourceTree = "<group>"; };
		89F6535024B1D56D003C2B0A /* forgotPasswordViewController.swift */ = {isa = PBXFileReference; lastKnownFileType = sourcecode.swift; path = forgotPasswordViewController.swift; sourceTree = "<group>"; };
		89F8DA9C2464FF1E00B54354 /* TaskCell.swift */ = {isa = PBXFileReference; lastKnownFileType = sourcecode.swift; path = TaskCell.swift; sourceTree = "<group>"; };
		89FBBC9D24B8D3A8001D0EFD /* tessdata */ = {isa = PBXFileReference; lastKnownFileType = folder; path = tessdata; sourceTree = "<group>"; };
		89FD652524C30788005A7BEA /* FindingAnswers.entitlements */ = {isa = PBXFileReference; lastKnownFileType = text.plist.entitlements; path = FindingAnswers.entitlements; sourceTree = "<group>"; };
		89FD652624C30852005A7BEA /* Document.swift */ = {isa = PBXFileReference; fileEncoding = 4; lastKnownFileType = sourcecode.swift; path = Document.swift; sourceTree = "<group>"; };
		89FD652824C3085B005A7BEA /* MasterViewController.swift */ = {isa = PBXFileReference; fileEncoding = 4; lastKnownFileType = sourcecode.swift; path = MasterViewController.swift; sourceTree = "<group>"; };
		89FD652A24C3085F005A7BEA /* DetailViewController.swift */ = {isa = PBXFileReference; fileEncoding = 4; lastKnownFileType = sourcecode.swift; path = DetailViewController.swift; sourceTree = "<group>"; };
		89FD655924C3448B005A7BEA /* IndexerCollectionViewController.swift */ = {isa = PBXFileReference; lastKnownFileType = sourcecode.swift; path = IndexerCollectionViewController.swift; sourceTree = "<group>"; };
		89FDD3A424B4D0A700DEBD96 /* topicText.csv */ = {isa = PBXFileReference; lastKnownFileType = text; path = topicText.csv; sourceTree = SOURCE_ROOT; };
		89FDD3A824B632BD00DEBD96 /* SubjectTableViewController.swift */ = {isa = PBXFileReference; lastKnownFileType = sourcecode.swift; path = SubjectTableViewController.swift; sourceTree = "<group>"; };
		89FE2A5C246477720006F595 /* Task.swift */ = {isa = PBXFileReference; lastKnownFileType = sourcecode.swift; path = Task.swift; sourceTree = "<group>"; };
		9E567DC124AAFC3200DE6CDA /* Base */ = {isa = PBXFileReference; lastKnownFileType = file.storyboard; name = Base; path = Base.lproj/Seb_LaunchScreen.storyboard; sourceTree = "<group>"; };
		9EFFB64024C5F2980073CE59 /* ProjectTask.swift */ = {isa = PBXFileReference; fileEncoding = 4; lastKnownFileType = sourcecode.swift; path = ProjectTask.swift; sourceTree = "<group>"; };
		9EFFB64124C5F2980073CE59 /* Project.swift */ = {isa = PBXFileReference; fileEncoding = 4; lastKnownFileType = sourcecode.swift; path = Project.swift; sourceTree = "<group>"; };
		9EFFB64224C5F2980073CE59 /* ProjectTaskMember.swift */ = {isa = PBXFileReference; fileEncoding = 4; lastKnownFileType = sourcecode.swift; path = ProjectTaskMember.swift; sourceTree = "<group>"; };
		9EFFB64324C5F2980073CE59 /* Projectgroup.swift */ = {isa = PBXFileReference; fileEncoding = 4; lastKnownFileType = sourcecode.swift; path = Projectgroup.swift; sourceTree = "<group>"; };
		9EFFB64424C5F2980073CE59 /* Role.swift */ = {isa = PBXFileReference; fileEncoding = 4; lastKnownFileType = sourcecode.swift; path = Role.swift; sourceTree = "<group>"; };
		9EFFB64A24C5F2FC0073CE59 /* ProjectDataManager.swift */ = {isa = PBXFileReference; fileEncoding = 4; lastKnownFileType = sourcecode.swift; path = ProjectDataManager.swift; sourceTree = "<group>"; };
		9EFFB64D24C5F2FC0073CE59 /* RoleDataManager.swift */ = {isa = PBXFileReference; fileEncoding = 4; lastKnownFileType = sourcecode.swift; path = RoleDataManager.swift; sourceTree = "<group>"; };
		9EFFB64E24C5F2FD0073CE59 /* ProjectgroupDataManager.swift */ = {isa = PBXFileReference; fileEncoding = 4; lastKnownFileType = sourcecode.swift; path = ProjectgroupDataManager.swift; sourceTree = "<group>"; };
		9EFFB65424C5F3920073CE59 /* ProjectCellTableViewCell.swift */ = {isa = PBXFileReference; fileEncoding = 4; lastKnownFileType = sourcecode.swift; path = ProjectCellTableViewCell.swift; sourceTree = "<group>"; };
		9EFFB65524C5F3920073CE59 /* taskmemberTableViewCell.swift */ = {isa = PBXFileReference; fileEncoding = 4; lastKnownFileType = sourcecode.swift; path = taskmemberTableViewCell.swift; sourceTree = "<group>"; };
		9EFFB65624C5F3920073CE59 /* RoleTableViewCell.swift */ = {isa = PBXFileReference; fileEncoding = 4; lastKnownFileType = sourcecode.swift; path = RoleTableViewCell.swift; sourceTree = "<group>"; };
		9EFFB65724C5F3920073CE59 /* projectmemberTableViewCell.swift */ = {isa = PBXFileReference; fileEncoding = 4; lastKnownFileType = sourcecode.swift; path = projectmemberTableViewCell.swift; sourceTree = "<group>"; };
		9EFFB65824C5F3930073CE59 /* ProjecttaskmemberViewController.swift */ = {isa = PBXFileReference; fileEncoding = 4; lastKnownFileType = sourcecode.swift; path = ProjecttaskmemberViewController.swift; sourceTree = "<group>"; };
		9EFFB65924C5F3930073CE59 /* projectdetail1ViewController.swift */ = {isa = PBXFileReference; fileEncoding = 4; lastKnownFileType = sourcecode.swift; path = projectdetail1ViewController.swift; sourceTree = "<group>"; };
		9EFFB65A24C5F3930073CE59 /* ProjectViewController.swift */ = {isa = PBXFileReference; fileEncoding = 4; lastKnownFileType = sourcecode.swift; path = ProjectViewController.swift; sourceTree = "<group>"; };
		9EFFB65B24C5F3930073CE59 /* MemberTableViewCell.swift */ = {isa = PBXFileReference; fileEncoding = 4; lastKnownFileType = sourcecode.swift; path = MemberTableViewCell.swift; sourceTree = "<group>"; };
		9EFFB65C24C5F3930073CE59 /* invitationnotiTableViewCell.swift */ = {isa = PBXFileReference; fileEncoding = 4; lastKnownFileType = sourcecode.swift; path = invitationnotiTableViewCell.swift; sourceTree = "<group>"; };
		9EFFB65D24C5F3930073CE59 /* createprojectViewController.swift */ = {isa = PBXFileReference; fileEncoding = 4; lastKnownFileType = sourcecode.swift; path = createprojectViewController.swift; sourceTree = "<group>"; };
		9EFFB65E24C5F3930073CE59 /* projecttaskdetailViewController.swift */ = {isa = PBXFileReference; fileEncoding = 4; lastKnownFileType = sourcecode.swift; path = projecttaskdetailViewController.swift; sourceTree = "<group>"; };
		9EFFB65F24C5F3930073CE59 /* addtask2ViewController.swift */ = {isa = PBXFileReference; fileEncoding = 4; lastKnownFileType = sourcecode.swift; path = addtask2ViewController.swift; sourceTree = "<group>"; };
		9EFFB66024C5F3940073CE59 /* projectnotificationViewController.swift */ = {isa = PBXFileReference; fileEncoding = 4; lastKnownFileType = sourcecode.swift; path = projectnotificationViewController.swift; sourceTree = "<group>"; };
		9EFFB66124C5F3940073CE59 /* createproject2ViewController.swift */ = {isa = PBXFileReference; fileEncoding = 4; lastKnownFileType = sourcecode.swift; path = createproject2ViewController.swift; sourceTree = "<group>"; };
		9EFFB66224C5F3940073CE59 /* addmemberViewController.swift */ = {isa = PBXFileReference; fileEncoding = 4; lastKnownFileType = sourcecode.swift; path = addmemberViewController.swift; sourceTree = "<group>"; };
		9EFFB66324C5F3940073CE59 /* addtask1ViewController.swift */ = {isa = PBXFileReference; fileEncoding = 4; lastKnownFileType = sourcecode.swift; path = addtask1ViewController.swift; sourceTree = "<group>"; };
		9EFFB66424C5F3940073CE59 /* addmemberTableViewCell.swift */ = {isa = PBXFileReference; fileEncoding = 4; lastKnownFileType = sourcecode.swift; path = addmemberTableViewCell.swift; sourceTree = "<group>"; };
		9EFFB66524C5F3940073CE59 /* taskTableViewCell.swift */ = {isa = PBXFileReference; fileEncoding = 4; lastKnownFileType = sourcecode.swift; path = taskTableViewCell.swift; sourceTree = "<group>"; };
		9EFFB66624C5F3940073CE59 /* addroleViewController.swift */ = {isa = PBXFileReference; fileEncoding = 4; lastKnownFileType = sourcecode.swift; path = addroleViewController.swift; sourceTree = "<group>"; };
		9EFFB66724C5F3950073CE59 /* MemberViewController.swift */ = {isa = PBXFileReference; fileEncoding = 4; lastKnownFileType = sourcecode.swift; path = MemberViewController.swift; sourceTree = "<group>"; };
		9EFFB66824C5F3950073CE59 /* addprojectpageviewcontrollerViewController.swift */ = {isa = PBXFileReference; fileEncoding = 4; lastKnownFileType = sourcecode.swift; path = addprojectpageviewcontrollerViewController.swift; sourceTree = "<group>"; };
		9EFFB66924C5F3950073CE59 /* projectdetail2ViewController.swift */ = {isa = PBXFileReference; fileEncoding = 4; lastKnownFileType = sourcecode.swift; path = projectdetail2ViewController.swift; sourceTree = "<group>"; };
		9EFFB66A24C5F3950073CE59 /* addtaskmemberTableViewCell.swift */ = {isa = PBXFileReference; fileEncoding = 4; lastKnownFileType = sourcecode.swift; path = addtaskmemberTableViewCell.swift; sourceTree = "<group>"; };
		9EFFB68424C5F3DA0073CE59 /* Seb_Main.storyboard */ = {isa = PBXFileReference; fileEncoding = 4; lastKnownFileType = file.storyboard; path = Seb_Main.storyboard; sourceTree = "<group>"; };
		D12CB7282E4BEF5FB337CA01 /* Pods-SwiftProj.debug.xcconfig */ = {isa = PBXFileReference; includeInIndex = 1; lastKnownFileType = text.xcconfig; name = "Pods-SwiftProj.debug.xcconfig"; path = "Target Support Files/Pods-SwiftProj/Pods-SwiftProj.debug.xcconfig"; sourceTree = "<group>"; };
		F28A1FAA24C5315900F1D0DB /* IndexCell.swift */ = {isa = PBXFileReference; fileEncoding = 4; lastKnownFileType = sourcecode.swift; path = IndexCell.swift; sourceTree = "<group>"; };
		F28A1FAC24C531C200F1D0DB /* dom_note.swift */ = {isa = PBXFileReference; fileEncoding = 4; lastKnownFileType = sourcecode.swift; path = dom_note.swift; sourceTree = "<group>"; };
		F28A1FAD24C531C200F1D0DB /* dom_tag.swift */ = {isa = PBXFileReference; fileEncoding = 4; lastKnownFileType = sourcecode.swift; path = dom_tag.swift; sourceTree = "<group>"; };
		F28A1FB924C5336100F1D0DB /* dom_FireStoreDataManager.swift */ = {isa = PBXFileReference; fileEncoding = 4; lastKnownFileType = sourcecode.swift; path = dom_FireStoreDataManager.swift; sourceTree = "<group>"; };
		F28A1FBB24C53B0A00F1D0DB /* TagsTableViewController.swift */ = {isa = PBXFileReference; fileEncoding = 4; lastKnownFileType = sourcecode.swift; path = TagsTableViewController.swift; sourceTree = "<group>"; };
		F28A1FBC24C53B0A00F1D0DB /* AddNoteViewController.swift */ = {isa = PBXFileReference; fileEncoding = 4; lastKnownFileType = sourcecode.swift; path = AddNoteViewController.swift; sourceTree = "<group>"; };
		F28A1FBD24C53B0A00F1D0DB /* NotesTableViewController.swift */ = {isa = PBXFileReference; fileEncoding = 4; lastKnownFileType = sourcecode.swift; path = NotesTableViewController.swift; sourceTree = "<group>"; };
		F28A1FBE24C53B0A00F1D0DB /* SideMenuTableViewController.swift */ = {isa = PBXFileReference; fileEncoding = 4; lastKnownFileType = sourcecode.swift; path = SideMenuTableViewController.swift; sourceTree = "<group>"; };
		F2F5A4FA24C542A3009295E4 /* Dom_Storyboard.storyboard */ = {isa = PBXFileReference; fileEncoding = 4; lastKnownFileType = file.storyboard; path = Dom_Storyboard.storyboard; sourceTree = "<group>"; };
/* End PBXFileReference section */

/* Begin PBXFrameworksBuildPhase section */
		898646E02464626F00A5C752 /* Frameworks */ = {
			isa = PBXFrameworksBuildPhase;
			buildActionMask = 2147483647;
			files = (
				8992195B246E46CD0029BFF5 /* libsqlite3.tbd in Frameworks */,
				D7276B2D849A8B6E2CD8D851 /* (null) in Frameworks */,
				22E76B63742AFBC05FE6279D /* Pods_SwiftProj.framework in Frameworks */,
			);
			runOnlyForDeploymentPostprocessing = 0;
		};
/* End PBXFrameworksBuildPhase section */

/* Begin PBXGroup section */
		5CD142F024CA8CB900DB5915 /* BertModel */ = {
			isa = PBXGroup;
			children = (
				5CD1430524CA8CDF00DB5915 /* bert-base-uncased-vocab.txt */,
				5CD1430424CA8CDF00DB5915 /* BERT.swift */,
				5CD142FF24CA8CDE00DB5915 /* BERTInput.swift */,
				5CD1430124CA8CDF00DB5915 /* BERTOutput.swift */,
				5CD1430224CA8CDF00DB5915 /* BERTQAFP16.mlmodel */,
				5CD1430024CA8CDE00DB5915 /* BERTVocabulary.swift */,
				5CD1430324CA8CDF00DB5915 /* TokenizedString.swift */,
			);
			path = BertModel;
			sourceTree = "<group>";
		};
		5CD1432A24CA91F000DB5915 /* WX_ViewControllers */ = {
			isa = PBXGroup;
			children = (
				5CD1433724CA92B100DB5915 /* WXViewController.swift */,
				5CD1432F24CA922500DB5915 /* addPost.swift */,
				5CD1432D24CA922400DB5915 /* DismissSegue.swift */,
				5CD1432B24CA922400DB5915 /* Post.swift */,
				5CD1432C24CA922400DB5915 /* PostCell.swift */,
				5CD1432E24CA922400DB5915 /* PostDetailViewController.swift */,
			);
			path = WX_ViewControllers;
			sourceTree = "<group>";
		};
		8928F3272466C41F0087C59F /* Fonts */ = {
			isa = PBXGroup;
			children = (
				8928F32F2466C4330087C59F /* Proxima Nova Alt Bold.otf */,
				8928F3292466C4330087C59F /* Proxima Nova Alt Light.otf */,
				8928F32A2466C4330087C59F /* Proxima Nova Alt Thin.otf */,
				8928F32E2466C4330087C59F /* Proxima Nova Black.otf */,
				8928F32B2466C4330087C59F /* Proxima Nova Bold.otf */,
				8928F3282466C4330087C59F /* Proxima Nova Extrabold.otf */,
				8928F32C2466C4330087C59F /* Proxima Nova Thin.otf */,
				8928F32D2466C4330087C59F /* ProximaNova-Regular.otf */,
			);
			path = Fonts;
			sourceTree = "<group>";
		};
		895EE02D2476968400F2C109 /* ViewControllers */ = {
			isa = PBXGroup;
			children = (
				89F6535024B1D56D003C2B0A /* forgotPasswordViewController.swift */,
				898646EA2464626F00A5C752 /* ViewController.swift */,
				89921951246E45CB0029BFF5 /* MapViewController.swift */,
				898646FD2464651C00A5C752 /* EntryViewController.swift */,
				898646FF2464653600A5C752 /* TaskViewController.swift */,
				89517C80247233AC00503219 /* BreakViewController.swift */,
				892B0B4224750E2800D3FE7E /* CalendarViewController.swift */,
				89E17015247A58BD004C3F45 /* LoginViewController.swift */,
				89E17017247A58DE004C3F45 /* RegisterViewController.swift */,
				89672C04247E34EA008F3C13 /* startScreenViewController.swift */,
				89C8AEF9247FE45300F3F614 /* TaskCommentViewController.swift */,
				89A67B3F249BB35C006241C5 /* ProfileViewController.swift */,
				8920FFFF24A641E000EE47FA /* RepeatTableViewController.swift */,
				8920000724A75ACC00EE47FA /* MainViewController.swift */,
				89EDABF924AEFF8B00EBDF2C /* ImportanceTableViewController.swift */,
				895EE02E247696B400F2C109 /* TimeViewController.swift */,
				8920000124A642CC00EE47FA /* EndTimeViewController.swift */,
				89FDD3A824B632BD00DEBD96 /* SubjectTableViewController.swift */,
				8954EE2824C06F8400039BDF /* IndividualTaskViewController.swift */,
				8954EE2A24C06FE300039BDF /* BottomSheetViewController.swift */,
				8954EE2C24C0751700039BDF /* BottomSheetViewController.xib */,
				89FD652824C3085B005A7BEA /* MasterViewController.swift */,
				89FD652A24C3085F005A7BEA /* DetailViewController.swift */,
				89FD655924C3448B005A7BEA /* IndexerCollectionViewController.swift */,
			);
			path = ViewControllers;
			sourceTree = "<group>";
		};
		898646DA2464626F00A5C752 = {
			isa = PBXGroup;
			children = (
				898646E52464626F00A5C752 /* SwiftProj */,
				898646E42464626F00A5C752 /* Products */,
				89921959246E46CD0029BFF5 /* Frameworks */,
				C43BFB3B8B0F2346BDC6FCD4 /* Pods */,
				89B4E14B24B2C67D00B5B841 /* Recovered References */,
			);
			sourceTree = "<group>";
		};
		898646E42464626F00A5C752 /* Products */ = {
			isa = PBXGroup;
			children = (
				898646E32464626F00A5C752 /* SwiftProj.app */,
			);
			name = Products;
			sourceTree = "<group>";
		};
		898646E52464626F00A5C752 /* SwiftProj */ = {
			isa = PBXGroup;
			children = (
				5CD1432A24CA91F000DB5915 /* WX_ViewControllers */,
				5CD142F024CA8CB900DB5915 /* BertModel */,
				F2F5A4FA24C542A3009295E4 /* Dom_Storyboard.storyboard */,
				89FD652524C30788005A7BEA /* FindingAnswers.entitlements */,
				89FBBC9D24B8D3A8001D0EFD /* tessdata */,
				896EF72B24BC0B1200A4D7B0 /* TopicsClassifier.mlmodel */,
				89FDD3A424B4D0A700DEBD96 /* topicText.csv */,
				89B4E15024B2C76C00B5B841 /* Media */,
				F24BC02824B266BA00B8D1ED /* dom_VC */,
				9E567DAB24AAF8C400DE6CDA /* Seb_ViewControllers */,
				895EE02D2476968400F2C109 /* ViewControllers */,
				8992194F246E459C0029BFF5 /* SQLiteDB.swift */,
				8992194A246E453C0029BFF5 /* Helpers */,
				8992193D246E44E00029BFF5 /* DataManagers */,
				8928F3272466C41F0087C59F /* Fonts */,
				89F8DA9B2464FEF700B54354 /* Models */,
				898646E82464626F00A5C752 /* SceneDelegate.swift */,
				898646E62464626F00A5C752 /* AppDelegate.swift */,
				898646EC2464626F00A5C752 /* Main.storyboard */,
				5CD1432724CA91DD00DB5915 /* wx.storyboard */,
				898646F22464627000A5C752 /* Assets.xcassets */,
				9E567DC024AAFC3200DE6CDA /* Seb_LaunchScreen.storyboard */,
				9EFFB68424C5F3DA0073CE59 /* Seb_Main.storyboard */,
				898646F42464627000A5C752 /* LaunchScreen.storyboard */,
				898646F72464627000A5C752 /* Info.plist */,
				89E17013247A55CE004C3F45 /* GoogleService-Info.plist */,
				898646EF2464626F00A5C752 /* SwiftProj.xcdatamodeld */,
				89921956246E46870029BFF5 /* BridgingHeader.h */,
				89921957246E46870029BFF5 /* BridgingHeader.m */,
				89921955246E46870029BFF5 /* SwiftProj-Bridging-Header.h */,
			);
			path = SwiftProj;
			sourceTree = "<group>";
		};
		8992193D246E44E00029BFF5 /* DataManagers */ = {
			isa = PBXGroup;
			children = (
				9EFFB64A24C5F2FC0073CE59 /* ProjectDataManager.swift */,
				89770CCE24CA8A2400EB21D2 /* ProjectTaskDataManager.swift */,
				89770CD124CA8B5800EB21D2 /* ProjectTaskMemberDataManager.swift */,
				9EFFB64E24C5F2FD0073CE59 /* ProjectgroupDataManager.swift */,
				9EFFB64D24C5F2FC0073CE59 /* RoleDataManager.swift */,
				5CD142EC24CA8C7800DB5915 /* ProjectTaskDataManager.swift */,
				5CD142ED24CA8C7800DB5915 /* ProjectTaskMemberDataManager.swift */,
				F28A1FB924C5336100F1D0DB /* dom_FireStoreDataManager.swift */,
				8992193E246E450A0029BFF5 /* CaseDataManager.swift */,
				89921941246E450A0029BFF5 /* CountryDataManager.swift */,
				89921940246E450A0029BFF5 /* DataManager.swift */,
				8992193F246E450A0029BFF5 /* FullCaseDataManager.swift */,
			);
			path = DataManagers;
			sourceTree = "<group>";
		};
		8992194A246E453C0029BFF5 /* Helpers */ = {
			isa = PBXGroup;
			children = (
				897E982F24B89BC800730930 /* SpeechRecognizer.swift */,
				897E982B24B8989C00730930 /* SpeechSynthesizer.swift */,
				8992194B246E45760029BFF5 /* HTTP.swift */,
				8992194C246E45760029BFF5 /* SwiftyJSON.swift */,
			);
			path = Helpers;
			sourceTree = "<group>";
		};
		89921959246E46CD0029BFF5 /* Frameworks */ = {
			isa = PBXGroup;
			children = (
				8992195A246E46CD0029BFF5 /* libsqlite3.tbd */,
				35F7530B15E7FD3394A8BD51 /* Pods_SwiftProj.framework */,
			);
			name = Frameworks;
			sourceTree = "<group>";
		};
		89B4E14B24B2C67D00B5B841 /* Recovered References */ = {
			isa = PBXGroup;
			children = (
				898A79C524B0AD1D003130FC /* student-colour-800px.png */,
				898A79D124B0D81A003130FC /* business-woman-colour.svg */,
				898A79CA24B0AD1D003130FC /* student-colour-400px.png */,
				89F6534E24B1D522003C2B0A /* unlock-monochrome-1200px.png */,
				898A79D424B0D81B003130FC /* business-woman-colour.psd */,
				898A79D224B0D81B003130FC /* business-woman-colour-800px.png */,
				898A79C724B0AD1D003130FC /* startScreenVid.mp4 */,
				898A79DB24B0D9C1003130FC /* entryway-colour-1200px.png */,
				898A79C624B0AD1D003130FC /* student-colour-1200px.png */,
				898A79D324B0D81B003130FC /* business-woman-colour-400px.png */,
				898A79C824B0AD1D003130FC /* student-colour.svg */,
				898A79D524B0D81B003130FC /* business-woman-colour-1200px.png */,
				898A79C924B0AD1D003130FC /* startScreenVid.mp4.zip */,
				89A94E0424C023C600287A03 /* IndividualCollectionViewCell.swift */,
			);
			name = "Recovered References";
			sourceTree = "<group>";
		};
		89B4E15024B2C76C00B5B841 /* Media */ = {
			isa = PBXGroup;
			children = (
				5CD1430E24CA913600DB5915 /* business-woman-colour-400px.png */,
				5CD1431124CA913600DB5915 /* business-woman-colour-800px.png */,
				5CD1431524CA913700DB5915 /* business-woman-colour-1200px.png */,
				5CD1431824CA913700DB5915 /* business-woman-colour.psd */,
				5CD1430D24CA913600DB5915 /* business-woman-colour.svg */,
				5CD1430F24CA913600DB5915 /* entryway-colour-1200px.png */,
				5CD1431724CA913700DB5915 /* startScreenVid.mp4 */,
				5CD1431324CA913600DB5915 /* startScreenVid.mp4.zip */,
				5CD1431424CA913600DB5915 /* student-colour-400px.png */,
				5CD1431024CA913600DB5915 /* student-colour-800px.png */,
				5CD1431624CA913700DB5915 /* student-colour-1200px.png */,
				5CD1431224CA913600DB5915 /* student-colour.svg */,
				5CD1431924CA913700DB5915 /* unlock-monochrome-1200px.png */,
			);
			path = Media;
			sourceTree = "<group>";
		};
		89F8DA9B2464FEF700B54354 /* Models */ = {
			isa = PBXGroup;
			children = (
				9EFFB64124C5F2980073CE59 /* Project.swift */,
				9EFFB64324C5F2980073CE59 /* Projectgroup.swift */,
				9EFFB64024C5F2980073CE59 /* ProjectTask.swift */,
				9EFFB64224C5F2980073CE59 /* ProjectTaskMember.swift */,
				9EFFB64424C5F2980073CE59 /* Role.swift */,
				F28A1FAC24C531C200F1D0DB /* dom_note.swift */,
				F28A1FAD24C531C200F1D0DB /* dom_tag.swift */,
				F28A1FAA24C5315900F1D0DB /* IndexCell.swift */,
				89FD652624C30852005A7BEA /* Document.swift */,
				89921947246E45290029BFF5 /* Case.swift */,
				89921946246E45290029BFF5 /* SavedCountry.swift */,
				89FE2A5C246477720006F595 /* Task.swift */,
				89F8DA9C2464FF1E00B54354 /* TaskCell.swift */,
				89E1700F247A538A004C3F45 /* User.swift */,
				89C8AEFC247FE66B00F3F614 /* CommentCell.swift */,
			);
			path = Models;
			sourceTree = "<group>";
		};
		9E567DAB24AAF8C400DE6CDA /* Seb_ViewControllers */ = {
			isa = PBXGroup;
			children = (
				9EFFB66424C5F3940073CE59 /* addmemberTableViewCell.swift */,
				9EFFB66224C5F3940073CE59 /* addmemberViewController.swift */,
				9EFFB66824C5F3950073CE59 /* addprojectpageviewcontrollerViewController.swift */,
				9EFFB66624C5F3940073CE59 /* addroleViewController.swift */,
				9EFFB66324C5F3940073CE59 /* addtask1ViewController.swift */,
				9EFFB65F24C5F3930073CE59 /* addtask2ViewController.swift */,
				9EFFB66A24C5F3950073CE59 /* addtaskmemberTableViewCell.swift */,
				9EFFB66124C5F3940073CE59 /* createproject2ViewController.swift */,
				9EFFB65D24C5F3930073CE59 /* createprojectViewController.swift */,
				9EFFB65C24C5F3930073CE59 /* invitationnotiTableViewCell.swift */,
				89770CD324CA8D7200EB21D2 /* memberdetailViewController.swift */,
				9EFFB65B24C5F3930073CE59 /* MemberTableViewCell.swift */,
				9EFFB66724C5F3950073CE59 /* MemberViewController.swift */,
				9EFFB65424C5F3920073CE59 /* ProjectCellTableViewCell.swift */,
				9EFFB65924C5F3930073CE59 /* projectdetail1ViewController.swift */,
				9EFFB66924C5F3950073CE59 /* projectdetail2ViewController.swift */,
				9EFFB65724C5F3920073CE59 /* projectmemberTableViewCell.swift */,
				9EFFB66024C5F3940073CE59 /* projectnotificationViewController.swift */,
				9EFFB65E24C5F3930073CE59 /* projecttaskdetailViewController.swift */,
				9EFFB65824C5F3930073CE59 /* ProjecttaskmemberViewController.swift */,
				9EFFB65A24C5F3930073CE59 /* ProjectViewController.swift */,
				9EFFB65624C5F3920073CE59 /* RoleTableViewCell.swift */,
				9EFFB65524C5F3920073CE59 /* taskmemberTableViewCell.swift */,
				9EFFB66524C5F3940073CE59 /* taskTableViewCell.swift */,
			);
			path = Seb_ViewControllers;
			sourceTree = "<group>";
		};
		C43BFB3B8B0F2346BDC6FCD4 /* Pods */ = {
			isa = PBXGroup;
			children = (
				0E160307C8DEF2DC28D26549 /* Pods-SwiftProj.release.xcconfig */,
				D12CB7282E4BEF5FB337CA01 /* Pods-SwiftProj.debug.xcconfig */,
			);
			path = Pods;
			sourceTree = "<group>";
		};
		F24BC02824B266BA00B8D1ED /* dom_VC */ = {
			isa = PBXGroup;
			children = (
				F28A1FBC24C53B0A00F1D0DB /* AddNoteViewController.swift */,
				F28A1FBD24C53B0A00F1D0DB /* NotesTableViewController.swift */,
				F28A1FBE24C53B0A00F1D0DB /* SideMenuTableViewController.swift */,
				F28A1FBB24C53B0A00F1D0DB /* TagsTableViewController.swift */,
			);
			path = dom_VC;
			sourceTree = "<group>";
		};
/* End PBXGroup section */

/* Begin PBXNativeTarget section */
		898646E22464626F00A5C752 /* SwiftProj */ = {
			isa = PBXNativeTarget;
			buildConfigurationList = 898646FA2464627000A5C752 /* Build configuration list for PBXNativeTarget "SwiftProj" */;
			buildPhases = (
				1CABE8154C8C58C2AC1B6DBD /* [CP] Check Pods Manifest.lock */,
				898646DF2464626F00A5C752 /* Sources */,
				898646E02464626F00A5C752 /* Frameworks */,
				898646E12464626F00A5C752 /* Resources */,
				9F09FF5727A670199BFDD6C6 /* [CP] Embed Pods Frameworks */,
				228B73E2EF9122A27BAD2968 /* [CP] Copy Pods Resources */,
			);
			buildRules = (
			);
			dependencies = (
			);
			name = SwiftProj;
			productName = SwiftProj;
			productReference = 898646E32464626F00A5C752 /* SwiftProj.app */;
			productType = "com.apple.product-type.application";
		};
/* End PBXNativeTarget section */

/* Begin PBXProject section */
		898646DB2464626F00A5C752 /* Project object */ = {
			isa = PBXProject;
			attributes = {
				LastSwiftUpdateCheck = 1140;
				LastUpgradeCheck = 1140;
				ORGANIZATIONNAME = "Ong Chong Yong";
				TargetAttributes = {
					898646E22464626F00A5C752 = {
						CreatedOnToolsVersion = 11.4.1;
						LastSwiftMigration = 1140;
					};
				};
			};
			buildConfigurationList = 898646DE2464626F00A5C752 /* Build configuration list for PBXProject "SwiftProj" */;
			compatibilityVersion = "Xcode 9.3";
			developmentRegion = en;
			hasScannedForEncodings = 0;
			knownRegions = (
				en,
				Base,
			);
			mainGroup = 898646DA2464626F00A5C752;
			productRefGroup = 898646E42464626F00A5C752 /* Products */;
			projectDirPath = "";
			projectRoot = "";
			targets = (
				898646E22464626F00A5C752 /* SwiftProj */,
			);
		};
/* End PBXProject section */

/* Begin PBXResourcesBuildPhase section */
		898646E12464626F00A5C752 /* Resources */ = {
			isa = PBXResourcesBuildPhase;
			buildActionMask = 2147483647;
			files = (
				9EFFB68524C5F3DA0073CE59 /* Seb_Main.storyboard in Resources */,
				5CD1432524CA913700DB5915 /* business-woman-colour.psd in Resources */,
				9E567DC324AAFC3200DE6CDA /* Seb_LaunchScreen.storyboard in Resources */,
				5CD1432924CA91DD00DB5915 /* wx.storyboard in Resources */,
				5CD1431B24CA913700DB5915 /* business-woman-colour-400px.png in Resources */,
				5CD1431C24CA913700DB5915 /* entryway-colour-1200px.png in Resources */,
				F2F5A4FB24C542A3009295E4 /* Dom_Storyboard.storyboard in Resources */,
				5CD1432024CA913700DB5915 /* startScreenVid.mp4.zip in Resources */,
				5CD1432424CA913700DB5915 /* startScreenVid.mp4 in Resources */,
				898646F62464627000A5C752 /* LaunchScreen.storyboard in Resources */,
				5CD1431D24CA913700DB5915 /* student-colour-800px.png in Resources */,
				89FDD3A524B4D0A700DEBD96 /* topicText.csv in Resources */,
				8954EE2D24C0751700039BDF /* BottomSheetViewController.xib in Resources */,
				5CD1432124CA913700DB5915 /* student-colour-400px.png in Resources */,
				5CD1430C24CA8CDF00DB5915 /* bert-base-uncased-vocab.txt in Resources */,
				5CD1431A24CA913700DB5915 /* business-woman-colour.svg in Resources */,
				5CD1431E24CA913700DB5915 /* business-woman-colour-800px.png in Resources */,
				5CD1431F24CA913700DB5915 /* student-colour.svg in Resources */,
				89E17014247A55CE004C3F45 /* GoogleService-Info.plist in Resources */,
				89FBBC9E24B8D3A9001D0EFD /* tessdata in Resources */,
				5CD1432324CA913700DB5915 /* student-colour-1200px.png in Resources */,
				898646F32464627000A5C752 /* Assets.xcassets in Resources */,
				5CD1432224CA913700DB5915 /* business-woman-colour-1200px.png in Resources */,
				898646EE2464626F00A5C752 /* Main.storyboard in Resources */,
				5CD1432624CA913700DB5915 /* unlock-monochrome-1200px.png in Resources */,
			);
			runOnlyForDeploymentPostprocessing = 0;
		};
/* End PBXResourcesBuildPhase section */

/* Begin PBXShellScriptBuildPhase section */
		1CABE8154C8C58C2AC1B6DBD /* [CP] Check Pods Manifest.lock */ = {
			isa = PBXShellScriptBuildPhase;
			buildActionMask = 2147483647;
			files = (
			);
			inputFileListPaths = (
			);
			inputPaths = (
				"${PODS_PODFILE_DIR_PATH}/Podfile.lock",
				"${PODS_ROOT}/Manifest.lock",
			);
			name = "[CP] Check Pods Manifest.lock";
			outputFileListPaths = (
			);
			outputPaths = (
				"$(DERIVED_FILE_DIR)/Pods-SwiftProj-checkManifestLockResult.txt",
			);
			runOnlyForDeploymentPostprocessing = 0;
			shellPath = /bin/sh;
			shellScript = "diff \"${PODS_PODFILE_DIR_PATH}/Podfile.lock\" \"${PODS_ROOT}/Manifest.lock\" > /dev/null\nif [ $? != 0 ] ; then\n    # print error to STDERR\n    echo \"error: The sandbox is not in sync with the Podfile.lock. Run 'pod install' or update your CocoaPods installation.\" >&2\n    exit 1\nfi\n# This output is used by Xcode 'outputs' to avoid re-running this script phase.\necho \"SUCCESS\" > \"${SCRIPT_OUTPUT_FILE_0}\"\n";
			showEnvVarsInLog = 0;
		};
		228B73E2EF9122A27BAD2968 /* [CP] Copy Pods Resources */ = {
			isa = PBXShellScriptBuildPhase;
			buildActionMask = 2147483647;
			files = (
			);
			inputFileListPaths = (
				"${PODS_ROOT}/Target Support Files/Pods-SwiftProj/Pods-SwiftProj-resources-${CONFIGURATION}-input-files.xcfilelist",
			);
			name = "[CP] Copy Pods Resources";
			outputFileListPaths = (
				"${PODS_ROOT}/Target Support Files/Pods-SwiftProj/Pods-SwiftProj-resources-${CONFIGURATION}-output-files.xcfilelist",
			);
			runOnlyForDeploymentPostprocessing = 0;
			shellPath = /bin/sh;
			shellScript = "\"${PODS_ROOT}/Target Support Files/Pods-SwiftProj/Pods-SwiftProj-resources.sh\"\n";
			showEnvVarsInLog = 0;
		};
		9F09FF5727A670199BFDD6C6 /* [CP] Embed Pods Frameworks */ = {
			isa = PBXShellScriptBuildPhase;
			buildActionMask = 2147483647;
			files = (
			);
			inputFileListPaths = (
				"${PODS_ROOT}/Target Support Files/Pods-SwiftProj/Pods-SwiftProj-frameworks-${CONFIGURATION}-input-files.xcfilelist",
			);
			name = "[CP] Embed Pods Frameworks";
			outputFileListPaths = (
				"${PODS_ROOT}/Target Support Files/Pods-SwiftProj/Pods-SwiftProj-frameworks-${CONFIGURATION}-output-files.xcfilelist",
			);
			runOnlyForDeploymentPostprocessing = 0;
			shellPath = /bin/sh;
			shellScript = "\"${PODS_ROOT}/Target Support Files/Pods-SwiftProj/Pods-SwiftProj-frameworks.sh\"\n";
			showEnvVarsInLog = 0;
		};
/* End PBXShellScriptBuildPhase section */

/* Begin PBXSourcesBuildPhase section */
		898646DF2464626F00A5C752 /* Sources */ = {
			isa = PBXSourcesBuildPhase;
			buildActionMask = 2147483647;
			files = (
				8954EE2924C06F8400039BDF /* IndividualTaskViewController.swift in Sources */,
				8954EE2B24C06FE300039BDF /* BottomSheetViewController.swift in Sources */,
				9E62D98324BE1BBC003462F1 /* (null) in Sources */,
				9EFFB66C24C5F3950073CE59 /* ProjectCellTableViewCell.swift in Sources */,
				9E62D92924BE1B5A003462F1 /* (null) in Sources */,
				8992194D246E45760029BFF5 /* HTTP.swift in Sources */,
				F28A1FBF24C53B0A00F1D0DB /* TagsTableViewController.swift in Sources */,
				89921942246E450A0029BFF5 /* CaseDataManager.swift in Sources */,
				9EFFB67F24C5F3950073CE59 /* MemberViewController.swift in Sources */,
				89FD652B24C3085F005A7BEA /* DetailViewController.swift in Sources */,
				9E62D97324BE1BBB003462F1 /* (null) in Sources */,
				898646EB2464626F00A5C752 /* ViewController.swift in Sources */,
				898646FE2464651C00A5C752 /* EntryViewController.swift in Sources */,
				9E62D92524BE1AF0003462F1 /* (null) in Sources */,
				89921950246E459C0029BFF5 /* SQLiteDB.swift in Sources */,
				9EFFB67824C5F3950073CE59 /* projectnotificationViewController.swift in Sources */,
				9EFFB67124C5F3950073CE59 /* projectdetail1ViewController.swift in Sources */,
				9E62D98224BE1BBC003462F1 /* (null) in Sources */,
				5CD142EF24CA8C7800DB5915 /* ProjectTaskMemberDataManager.swift in Sources */,
				9E62D98124BE1BBC003462F1 /* (null) in Sources */,
				5CD1430A24CA8CDF00DB5915 /* TokenizedString.swift in Sources */,
				9EFFB67324C5F3950073CE59 /* MemberTableViewCell.swift in Sources */,
				89770CD024CA8A2500EB21D2 /* ProjectTaskDataManager.swift in Sources */,
				89FD655A24C3448B005A7BEA /* IndexerCollectionViewController.swift in Sources */,
				9E62D92324BE1A88003462F1 /* (null) in Sources */,
				895EE02F247696B400F2C109 /* TimeViewController.swift in Sources */,
				9E62D97624BE1BBB003462F1 /* (null) in Sources */,
				5CD1433424CA922500DB5915 /* addPost.swift in Sources */,
				9E62D97424BE1BBB003462F1 /* (null) in Sources */,
				9EFFB64924C5F2980073CE59 /* Role.swift in Sources */,
				9E62D97E24BE1BBC003462F1 /* (null) in Sources */,
				9EFFB67A24C5F3950073CE59 /* addmemberViewController.swift in Sources */,
				9E62D97124BE1BBB003462F1 /* (null) in Sources */,
				9EFFB64F24C5F2FD0073CE59 /* ProjectDataManager.swift in Sources */,
				5CD1433024CA922500DB5915 /* Post.swift in Sources */,
				898646E72464626F00A5C752 /* AppDelegate.swift in Sources */,
				9EFFB67224C5F3950073CE59 /* ProjectViewController.swift in Sources */,
				9EFFB67E24C5F3950073CE59 /* addroleViewController.swift in Sources */,
				897E983024B89BC800730930 /* SpeechRecognizer.swift in Sources */,
				89672C05247E34EA008F3C13 /* startScreenViewController.swift in Sources */,
				5CD1430824CA8CDF00DB5915 /* BERTOutput.swift in Sources */,
				9EFFB67B24C5F3950073CE59 /* addtask1ViewController.swift in Sources */,
				9EFFB64524C5F2980073CE59 /* ProjectTask.swift in Sources */,
				89921943246E450A0029BFF5 /* FullCaseDataManager.swift in Sources */,
				89921949246E45290029BFF5 /* Case.swift in Sources */,
				89770CD224CA8B5800EB21D2 /* ProjectTaskMemberDataManager.swift in Sources */,
				9EFFB67724C5F3950073CE59 /* addtask2ViewController.swift in Sources */,
				F28A1FAE24C531C200F1D0DB /* dom_note.swift in Sources */,
				9E62D97D24BE1BBC003462F1 /* (null) in Sources */,
				F28A1FC024C53B0A00F1D0DB /* AddNoteViewController.swift in Sources */,
				9EFFB68024C5F3950073CE59 /* addprojectpageviewcontrollerViewController.swift in Sources */,
				89EDABFA24AEFF8B00EBDF2C /* ImportanceTableViewController.swift in Sources */,
				9E62D97C24BE1BBC003462F1 /* (null) in Sources */,
				F28A1FAF24C531C200F1D0DB /* dom_tag.swift in Sources */,
				898646F12464626F00A5C752 /* SwiftProj.xcdatamodeld in Sources */,
				9EFFB64824C5F2980073CE59 /* Projectgroup.swift in Sources */,
				89F8DA9D2464FF1E00B54354 /* TaskCell.swift in Sources */,
				8920000824A75ACC00EE47FA /* MainViewController.swift in Sources */,
				F28A1FC124C53B0A00F1D0DB /* NotesTableViewController.swift in Sources */,
				9E62D97524BE1BBB003462F1 /* (null) in Sources */,
				898646E92464626F00A5C752 /* SceneDelegate.swift in Sources */,
				9EFFB66E24C5F3950073CE59 /* RoleTableViewCell.swift in Sources */,
				89A67B40249BB35C006241C5 /* ProfileViewController.swift in Sources */,
				9EFFB65324C5F2FD0073CE59 /* ProjectgroupDataManager.swift in Sources */,
				89C8AEFA247FE45300F3F614 /* TaskCommentViewController.swift in Sources */,
				89E17016247A58BD004C3F45 /* LoginViewController.swift in Sources */,
				5CD1433124CA922500DB5915 /* PostCell.swift in Sources */,
				5CD1433224CA922500DB5915 /* DismissSegue.swift in Sources */,
				89921945246E450A0029BFF5 /* CountryDataManager.swift in Sources */,
				897E982C24B8989C00730930 /* SpeechSynthesizer.swift in Sources */,
				8906484924B4C8AC00325C5B /* (null) in Sources */,
				896EF72C24BC0B1200A4D7B0 /* TopicsClassifier.mlmodel in Sources */,
				892B0B4324750E2800D3FE7E /* CalendarViewController.swift in Sources */,
				8992194E246E45760029BFF5 /* SwiftyJSON.swift in Sources */,
				9EFFB66D24C5F3950073CE59 /* taskmemberTableViewCell.swift in Sources */,
				89E17018247A58DE004C3F45 /* RegisterViewController.swift in Sources */,
				89A94E0524C023C600287A03 /* IndividualCollectionViewCell.swift in Sources */,
				9EFFB68124C5F3950073CE59 /* projectdetail2ViewController.swift in Sources */,
				9EFFB65224C5F2FD0073CE59 /* RoleDataManager.swift in Sources */,
				89921952246E45CB0029BFF5 /* MapViewController.swift in Sources */,
				9EFFB68224C5F3950073CE59 /* addtaskmemberTableViewCell.swift in Sources */,
				5CD1430B24CA8CDF00DB5915 /* BERT.swift in Sources */,
				9EFFB67924C5F3950073CE59 /* createproject2ViewController.swift in Sources */,
				9E62D97224BE1BBB003462F1 /* (null) in Sources */,
				89F6535124B1D56D003C2B0A /* forgotPasswordViewController.swift in Sources */,
				5CD1430724CA8CDF00DB5915 /* BERTVocabulary.swift in Sources */,
				5CD1433324CA922500DB5915 /* PostDetailViewController.swift in Sources */,
				F28A1FAB24C5315900F1D0DB /* IndexCell.swift in Sources */,
				89921944246E450A0029BFF5 /* DataManager.swift in Sources */,
				9E62D98524BE1BBC003462F1 /* (null) in Sources */,
				9EFFB67D24C5F3950073CE59 /* taskTableViewCell.swift in Sources */,
				F28A1FBA24C5336100F1D0DB /* dom_FireStoreDataManager.swift in Sources */,
				8920000224A642CC00EE47FA /* EndTimeViewController.swift in Sources */,
				89FDD3A924B632BD00DEBD96 /* SubjectTableViewController.swift in Sources */,
				9EFFB67024C5F3950073CE59 /* ProjecttaskmemberViewController.swift in Sources */,
				89FE2A5D246477720006F595 /* Task.swift in Sources */,
				89517C81247233AC00503219 /* BreakViewController.swift in Sources */,
				9E62D97924BE1BBB003462F1 /* (null) in Sources */,
				9EFFB64724C5F2980073CE59 /* ProjectTaskMember.swift in Sources */,
				9E62D97F24BE1BBC003462F1 /* (null) in Sources */,
				8920000024A641E000EE47FA /* RepeatTableViewController.swift in Sources */,
				89770CD424CA8D7200EB21D2 /* memberdetailViewController.swift in Sources */,
				9E62D97824BE1BBB003462F1 /* (null) in Sources */,
				F28A1FC224C53B0A00F1D0DB /* SideMenuTableViewController.swift in Sources */,
				9E62D91F24BE1A0C003462F1 /* (null) in Sources */,
				9EFFB66F24C5F3950073CE59 /* projectmemberTableViewCell.swift in Sources */,
				9E62D92124BE1A38003462F1 /* (null) in Sources */,
				9E62D98424BE1BBC003462F1 /* (null) in Sources */,
				5CD1430924CA8CDF00DB5915 /* BERTQAFP16.mlmodel in Sources */,
				9E62D96F24BE1BBB003462F1 /* (null) in Sources */,
				5CD1433824CA92B200DB5915 /* WXViewController.swift in Sources */,
				5CD1430624CA8CDF00DB5915 /* BERTInput.swift in Sources */,
				89921948246E45290029BFF5 /* SavedCountry.swift in Sources */,
				5CD142EE24CA8C7800DB5915 /* ProjectTaskDataManager.swift in Sources */,
				898647002464653600A5C752 /* TaskViewController.swift in Sources */,
				9E62D97B24BE1BBB003462F1 /* (null) in Sources */,
				9E62D97A24BE1BBB003462F1 /* (null) in Sources */,
				89FD652924C3085B005A7BEA /* MasterViewController.swift in Sources */,
				9E62D98024BE1BBC003462F1 /* (null) in Sources */,
				89921958246E46870029BFF5 /* BridgingHeader.m in Sources */,
				9EFFB67524C5F3950073CE59 /* createprojectViewController.swift in Sources */,
				89E17010247A538A004C3F45 /* User.swift in Sources */,
				89FD652724C30852005A7BEA /* Document.swift in Sources */,
				9EFFB67424C5F3950073CE59 /* invitationnotiTableViewCell.swift in Sources */,
				9E62D97724BE1BBB003462F1 /* (null) in Sources */,
				89C8AEFD247FE66B00F3F614 /* CommentCell.swift in Sources */,
				9EFFB67C24C5F3950073CE59 /* addmemberTableViewCell.swift in Sources */,
				F272C1CC24BB68F900CCD185 /* (null) in Sources */,
				F2DE2A9E24C2C61F006EC81F /* (null) in Sources */,
				9EFFB67624C5F3950073CE59 /* projecttaskdetailViewController.swift in Sources */,
				9EFFB64624C5F2980073CE59 /* Project.swift in Sources */,
			);
			runOnlyForDeploymentPostprocessing = 0;
		};
/* End PBXSourcesBuildPhase section */

/* Begin PBXVariantGroup section */
		5CD1432724CA91DD00DB5915 /* wx.storyboard */ = {
			isa = PBXVariantGroup;
			children = (
				5CD1432824CA91DD00DB5915 /* Base */,
			);
			name = wx.storyboard;
			sourceTree = "<group>";
		};
		898646EC2464626F00A5C752 /* Main.storyboard */ = {
			isa = PBXVariantGroup;
			children = (
				898646ED2464626F00A5C752 /* Base */,
			);
			name = Main.storyboard;
			sourceTree = "<group>";
		};
		898646F42464627000A5C752 /* LaunchScreen.storyboard */ = {
			isa = PBXVariantGroup;
			children = (
				898646F52464627000A5C752 /* Base */,
			);
			name = LaunchScreen.storyboard;
			sourceTree = "<group>";
		};
		9E567DC024AAFC3200DE6CDA /* Seb_LaunchScreen.storyboard */ = {
			isa = PBXVariantGroup;
			children = (
				9E567DC124AAFC3200DE6CDA /* Base */,
			);
			name = Seb_LaunchScreen.storyboard;
			sourceTree = "<group>";
		};
/* End PBXVariantGroup section */

/* Begin XCBuildConfiguration section */
		898646F82464627000A5C752 /* Debug */ = {
			isa = XCBuildConfiguration;
			buildSettings = {
				ALWAYS_SEARCH_USER_PATHS = NO;
				CLANG_ANALYZER_NONNULL = YES;
				CLANG_ANALYZER_NUMBER_OBJECT_CONVERSION = YES_AGGRESSIVE;
				CLANG_CXX_LANGUAGE_STANDARD = "gnu++14";
				CLANG_CXX_LIBRARY = "libc++";
				CLANG_ENABLE_MODULES = YES;
				CLANG_ENABLE_OBJC_ARC = YES;
				CLANG_ENABLE_OBJC_WEAK = YES;
				CLANG_WARN_BLOCK_CAPTURE_AUTORELEASING = YES;
				CLANG_WARN_BOOL_CONVERSION = YES;
				CLANG_WARN_COMMA = YES;
				CLANG_WARN_CONSTANT_CONVERSION = YES;
				CLANG_WARN_DEPRECATED_OBJC_IMPLEMENTATIONS = YES;
				CLANG_WARN_DIRECT_OBJC_ISA_USAGE = YES_ERROR;
				CLANG_WARN_DOCUMENTATION_COMMENTS = YES;
				CLANG_WARN_EMPTY_BODY = YES;
				CLANG_WARN_ENUM_CONVERSION = YES;
				CLANG_WARN_INFINITE_RECURSION = YES;
				CLANG_WARN_INT_CONVERSION = YES;
				CLANG_WARN_NON_LITERAL_NULL_CONVERSION = YES;
				CLANG_WARN_OBJC_IMPLICIT_RETAIN_SELF = YES;
				CLANG_WARN_OBJC_LITERAL_CONVERSION = YES;
				CLANG_WARN_OBJC_ROOT_CLASS = YES_ERROR;
				CLANG_WARN_RANGE_LOOP_ANALYSIS = YES;
				CLANG_WARN_STRICT_PROTOTYPES = YES;
				CLANG_WARN_SUSPICIOUS_MOVE = YES;
				CLANG_WARN_UNGUARDED_AVAILABILITY = YES_AGGRESSIVE;
				CLANG_WARN_UNREACHABLE_CODE = YES;
				CLANG_WARN__DUPLICATE_METHOD_MATCH = YES;
				COPY_PHASE_STRIP = NO;
				DEBUG_INFORMATION_FORMAT = dwarf;
				ENABLE_STRICT_OBJC_MSGSEND = YES;
				ENABLE_TESTABILITY = YES;
				GCC_C_LANGUAGE_STANDARD = gnu11;
				GCC_DYNAMIC_NO_PIC = NO;
				GCC_NO_COMMON_BLOCKS = YES;
				GCC_OPTIMIZATION_LEVEL = 0;
				GCC_PREPROCESSOR_DEFINITIONS = (
					"DEBUG=1",
					"$(inherited)",
				);
				GCC_WARN_64_TO_32_BIT_CONVERSION = YES;
				GCC_WARN_ABOUT_RETURN_TYPE = YES_ERROR;
				GCC_WARN_UNDECLARED_SELECTOR = YES;
				GCC_WARN_UNINITIALIZED_AUTOS = YES_AGGRESSIVE;
				GCC_WARN_UNUSED_FUNCTION = YES;
				GCC_WARN_UNUSED_VARIABLE = YES;
				IPHONEOS_DEPLOYMENT_TARGET = 13.4;
				MTL_ENABLE_DEBUG_INFO = INCLUDE_SOURCE;
				MTL_FAST_MATH = YES;
				ONLY_ACTIVE_ARCH = YES;
				SDKROOT = iphoneos;
				SWIFT_ACTIVE_COMPILATION_CONDITIONS = DEBUG;
				SWIFT_OPTIMIZATION_LEVEL = "-Onone";
			};
			name = Debug;
		};
		898646F92464627000A5C752 /* Release */ = {
			isa = XCBuildConfiguration;
			buildSettings = {
				ALWAYS_SEARCH_USER_PATHS = NO;
				CLANG_ANALYZER_NONNULL = YES;
				CLANG_ANALYZER_NUMBER_OBJECT_CONVERSION = YES_AGGRESSIVE;
				CLANG_CXX_LANGUAGE_STANDARD = "gnu++14";
				CLANG_CXX_LIBRARY = "libc++";
				CLANG_ENABLE_MODULES = YES;
				CLANG_ENABLE_OBJC_ARC = YES;
				CLANG_ENABLE_OBJC_WEAK = YES;
				CLANG_WARN_BLOCK_CAPTURE_AUTORELEASING = YES;
				CLANG_WARN_BOOL_CONVERSION = YES;
				CLANG_WARN_COMMA = YES;
				CLANG_WARN_CONSTANT_CONVERSION = YES;
				CLANG_WARN_DEPRECATED_OBJC_IMPLEMENTATIONS = YES;
				CLANG_WARN_DIRECT_OBJC_ISA_USAGE = YES_ERROR;
				CLANG_WARN_DOCUMENTATION_COMMENTS = YES;
				CLANG_WARN_EMPTY_BODY = YES;
				CLANG_WARN_ENUM_CONVERSION = YES;
				CLANG_WARN_INFINITE_RECURSION = YES;
				CLANG_WARN_INT_CONVERSION = YES;
				CLANG_WARN_NON_LITERAL_NULL_CONVERSION = YES;
				CLANG_WARN_OBJC_IMPLICIT_RETAIN_SELF = YES;
				CLANG_WARN_OBJC_LITERAL_CONVERSION = YES;
				CLANG_WARN_OBJC_ROOT_CLASS = YES_ERROR;
				CLANG_WARN_RANGE_LOOP_ANALYSIS = YES;
				CLANG_WARN_STRICT_PROTOTYPES = YES;
				CLANG_WARN_SUSPICIOUS_MOVE = YES;
				CLANG_WARN_UNGUARDED_AVAILABILITY = YES_AGGRESSIVE;
				CLANG_WARN_UNREACHABLE_CODE = YES;
				CLANG_WARN__DUPLICATE_METHOD_MATCH = YES;
				COPY_PHASE_STRIP = NO;
				DEBUG_INFORMATION_FORMAT = "dwarf-with-dsym";
				ENABLE_NS_ASSERTIONS = NO;
				ENABLE_STRICT_OBJC_MSGSEND = YES;
				GCC_C_LANGUAGE_STANDARD = gnu11;
				GCC_NO_COMMON_BLOCKS = YES;
				GCC_WARN_64_TO_32_BIT_CONVERSION = YES;
				GCC_WARN_ABOUT_RETURN_TYPE = YES_ERROR;
				GCC_WARN_UNDECLARED_SELECTOR = YES;
				GCC_WARN_UNINITIALIZED_AUTOS = YES_AGGRESSIVE;
				GCC_WARN_UNUSED_FUNCTION = YES;
				GCC_WARN_UNUSED_VARIABLE = YES;
				IPHONEOS_DEPLOYMENT_TARGET = 13.4;
				MTL_ENABLE_DEBUG_INFO = NO;
				MTL_FAST_MATH = YES;
				SDKROOT = iphoneos;
				SWIFT_COMPILATION_MODE = wholemodule;
				SWIFT_OPTIMIZATION_LEVEL = "-O";
				VALIDATE_PRODUCT = YES;
			};
			name = Release;
		};
		898646FB2464627000A5C752 /* Debug */ = {
			isa = XCBuildConfiguration;
			baseConfigurationReference = D12CB7282E4BEF5FB337CA01 /* Pods-SwiftProj.debug.xcconfig */;
			buildSettings = {
				ASSETCATALOG_COMPILER_APPICON_NAME = AppIcon;
				CLANG_ENABLE_MODULES = YES;
				CODE_SIGN_STYLE = Automatic;
				DEVELOPMENT_TEAM = "";
				INFOPLIST_FILE = SwiftProj/Info.plist;
				LD_RUNPATH_SEARCH_PATHS = (
					"$(inherited)",
					"@executable_path/Frameworks",
				);
				PRODUCT_BUNDLE_IDENTIFIER = com.ceewai.SwiftProj;
				PRODUCT_NAME = "$(TARGET_NAME)";
				SWIFT_OBJC_BRIDGING_HEADER = "SwiftProj/SwiftProj-Bridging-Header.h";
				SWIFT_OPTIMIZATION_LEVEL = "-Onone";
				SWIFT_VERSION = 5.0;
				TARGETED_DEVICE_FAMILY = "1,2";
			};
			name = Debug;
		};
		898646FC2464627000A5C752 /* Release */ = {
			isa = XCBuildConfiguration;
			baseConfigurationReference = 0E160307C8DEF2DC28D26549 /* Pods-SwiftProj.release.xcconfig */;
			buildSettings = {
				ASSETCATALOG_COMPILER_APPICON_NAME = AppIcon;
				CLANG_ENABLE_MODULES = YES;
				CODE_SIGN_STYLE = Automatic;
				DEVELOPMENT_TEAM = "";
				INFOPLIST_FILE = SwiftProj/Info.plist;
				LD_RUNPATH_SEARCH_PATHS = (
					"$(inherited)",
					"@executable_path/Frameworks",
				);
				PRODUCT_BUNDLE_IDENTIFIER = com.ceewai.SwiftProj;
				PRODUCT_NAME = "$(TARGET_NAME)";
				SWIFT_OBJC_BRIDGING_HEADER = "SwiftProj/SwiftProj-Bridging-Header.h";
				SWIFT_VERSION = 5.0;
				TARGETED_DEVICE_FAMILY = "1,2";
			};
			name = Release;
		};
/* End XCBuildConfiguration section */

/* Begin XCConfigurationList section */
		898646DE2464626F00A5C752 /* Build configuration list for PBXProject "SwiftProj" */ = {
			isa = XCConfigurationList;
			buildConfigurations = (
				898646F82464627000A5C752 /* Debug */,
				898646F92464627000A5C752 /* Release */,
			);
			defaultConfigurationIsVisible = 0;
			defaultConfigurationName = Release;
		};
		898646FA2464627000A5C752 /* Build configuration list for PBXNativeTarget "SwiftProj" */ = {
			isa = XCConfigurationList;
			buildConfigurations = (
				898646FB2464627000A5C752 /* Debug */,
				898646FC2464627000A5C752 /* Release */,
			);
			defaultConfigurationIsVisible = 0;
			defaultConfigurationName = Release;
		};
/* End XCConfigurationList section */

/* Begin XCVersionGroup section */
		898646EF2464626F00A5C752 /* SwiftProj.xcdatamodeld */ = {
			isa = XCVersionGroup;
			children = (
				898646F02464626F00A5C752 /* SwiftProj.xcdatamodel */,
			);
			currentVersion = 898646F02464626F00A5C752 /* SwiftProj.xcdatamodel */;
			path = SwiftProj.xcdatamodeld;
			sourceTree = "<group>";
			versionGroupType = wrapper.xcdatamodel;
		};
/* End XCVersionGroup section */
	};
	rootObject = 898646DB2464626F00A5C752 /* Project object */;
}
