// !$*UTF8*$!
{
	archiveVersion = 1;
	classes = {
	};
	objectVersion = 51;
	objects = {

/* Begin PBXBuildFile section */
		6B6C0C376A376A81AD14C328 /* (null) in Frameworks */ = {isa = PBXBuildFile; };
		8906484924B4C8AC00325C5B /* TopicsClassifier.mlmodel in Sources */ = {isa = PBXBuildFile; fileRef = 8906484824B4C8AC00325C5B /* TopicsClassifier.mlmodel */; };
		8920000024A641E000EE47FA /* RepeatTableViewController.swift in Sources */ = {isa = PBXBuildFile; fileRef = 8920FFFF24A641E000EE47FA /* RepeatTableViewController.swift */; };
		8920000224A642CC00EE47FA /* EndTimeViewController.swift in Sources */ = {isa = PBXBuildFile; fileRef = 8920000124A642CC00EE47FA /* EndTimeViewController.swift */; };
		8920000824A75ACC00EE47FA /* MainViewController.swift in Sources */ = {isa = PBXBuildFile; fileRef = 8920000724A75ACC00EE47FA /* MainViewController.swift */; };
		892B0B4324750E2800D3FE7E /* CalendarViewController.swift in Sources */ = {isa = PBXBuildFile; fileRef = 892B0B4224750E2800D3FE7E /* CalendarViewController.swift */; };
		89346BFA24B71320005379EF /* createproject2ViewController.swift in Sources */ = {isa = PBXBuildFile; fileRef = 89346BF924B71320005379EF /* createproject2ViewController.swift */; };
		89346BFC24B713D1005379EF /* addmemberViewController.swift in Sources */ = {isa = PBXBuildFile; fileRef = 89346BFB24B713D1005379EF /* addmemberViewController.swift */; };
		89517C81247233AC00503219 /* BreakViewController.swift in Sources */ = {isa = PBXBuildFile; fileRef = 89517C80247233AC00503219 /* BreakViewController.swift */; };
		895EE02F247696B400F2C109 /* TimeViewController.swift in Sources */ = {isa = PBXBuildFile; fileRef = 895EE02E247696B400F2C109 /* TimeViewController.swift */; };
		89672C05247E34EA008F3C13 /* startScreenViewController.swift in Sources */ = {isa = PBXBuildFile; fileRef = 89672C04247E34EA008F3C13 /* startScreenViewController.swift */; };
		898646E72464626F00A5C752 /* AppDelegate.swift in Sources */ = {isa = PBXBuildFile; fileRef = 898646E62464626F00A5C752 /* AppDelegate.swift */; };
		898646E92464626F00A5C752 /* SceneDelegate.swift in Sources */ = {isa = PBXBuildFile; fileRef = 898646E82464626F00A5C752 /* SceneDelegate.swift */; };
		898646EB2464626F00A5C752 /* ViewController.swift in Sources */ = {isa = PBXBuildFile; fileRef = 898646EA2464626F00A5C752 /* ViewController.swift */; };
		898646EE2464626F00A5C752 /* Main.storyboard in Resources */ = {isa = PBXBuildFile; fileRef = 898646EC2464626F00A5C752 /* Main.storyboard */; };
		898646F12464626F00A5C752 /* SwiftProj.xcdatamodeld in Sources */ = {isa = PBXBuildFile; fileRef = 898646EF2464626F00A5C752 /* SwiftProj.xcdatamodeld */; };
		898646F32464627000A5C752 /* Assets.xcassets in Resources */ = {isa = PBXBuildFile; fileRef = 898646F22464627000A5C752 /* Assets.xcassets */; };
		898646F62464627000A5C752 /* LaunchScreen.storyboard in Resources */ = {isa = PBXBuildFile; fileRef = 898646F42464627000A5C752 /* LaunchScreen.storyboard */; };
		898646FE2464651C00A5C752 /* EntryViewController.swift in Sources */ = {isa = PBXBuildFile; fileRef = 898646FD2464651C00A5C752 /* EntryViewController.swift */; };
		898647002464653600A5C752 /* TaskViewController.swift in Sources */ = {isa = PBXBuildFile; fileRef = 898646FF2464653600A5C752 /* TaskViewController.swift */; };
		89921942246E450A0029BFF5 /* CaseDataManager.swift in Sources */ = {isa = PBXBuildFile; fileRef = 8992193E246E450A0029BFF5 /* CaseDataManager.swift */; };
		89921943246E450A0029BFF5 /* FullCaseDataManager.swift in Sources */ = {isa = PBXBuildFile; fileRef = 8992193F246E450A0029BFF5 /* FullCaseDataManager.swift */; };
		89921944246E450A0029BFF5 /* DataManager.swift in Sources */ = {isa = PBXBuildFile; fileRef = 89921940246E450A0029BFF5 /* DataManager.swift */; };
		89921945246E450A0029BFF5 /* CountryDataManager.swift in Sources */ = {isa = PBXBuildFile; fileRef = 89921941246E450A0029BFF5 /* CountryDataManager.swift */; };
		89921948246E45290029BFF5 /* SavedCountry.swift in Sources */ = {isa = PBXBuildFile; fileRef = 89921946246E45290029BFF5 /* SavedCountry.swift */; };
		89921949246E45290029BFF5 /* Case.swift in Sources */ = {isa = PBXBuildFile; fileRef = 89921947246E45290029BFF5 /* Case.swift */; };
		8992194D246E45760029BFF5 /* HTTP.swift in Sources */ = {isa = PBXBuildFile; fileRef = 8992194B246E45760029BFF5 /* HTTP.swift */; };
		8992194E246E45760029BFF5 /* SwiftyJSON.swift in Sources */ = {isa = PBXBuildFile; fileRef = 8992194C246E45760029BFF5 /* SwiftyJSON.swift */; };
		89921950246E459C0029BFF5 /* SQLiteDB.swift in Sources */ = {isa = PBXBuildFile; fileRef = 8992194F246E459C0029BFF5 /* SQLiteDB.swift */; };
		89921952246E45CB0029BFF5 /* MapViewController.swift in Sources */ = {isa = PBXBuildFile; fileRef = 89921951246E45CB0029BFF5 /* MapViewController.swift */; };
		89921958246E46870029BFF5 /* BridgingHeader.m in Sources */ = {isa = PBXBuildFile; fileRef = 89921957246E46870029BFF5 /* BridgingHeader.m */; };
		8992195B246E46CD0029BFF5 /* libsqlite3.tbd in Frameworks */ = {isa = PBXBuildFile; fileRef = 8992195A246E46CD0029BFF5 /* libsqlite3.tbd */; };
		89A67B40249BB35C006241C5 /* ProfileViewController.swift in Sources */ = {isa = PBXBuildFile; fileRef = 89A67B3F249BB35C006241C5 /* ProfileViewController.swift */; };
		89B4E14D24B2C71500B5B841 /* ProjectOld.swift in Sources */ = {isa = PBXBuildFile; fileRef = 89B4E14C24B2C71500B5B841 /* ProjectOld.swift */; };
		89B4E14F24B2C73100B5B841 /* Project.swift in Sources */ = {isa = PBXBuildFile; fileRef = 89B4E14E24B2C73100B5B841 /* Project.swift */; };
		89B4E15E24B2C76C00B5B841 /* student-colour-800px.png in Resources */ = {isa = PBXBuildFile; fileRef = 89B4E15124B2C76C00B5B841 /* student-colour-800px.png */; };
		89B4E15F24B2C76C00B5B841 /* business-woman-colour-400px.png in Resources */ = {isa = PBXBuildFile; fileRef = 89B4E15224B2C76C00B5B841 /* business-woman-colour-400px.png */; };
		89B4E16024B2C76C00B5B841 /* business-woman-colour.psd in Resources */ = {isa = PBXBuildFile; fileRef = 89B4E15324B2C76C00B5B841 /* business-woman-colour.psd */; };
		89B4E16124B2C76C00B5B841 /* business-woman-colour.svg in Resources */ = {isa = PBXBuildFile; fileRef = 89B4E15424B2C76C00B5B841 /* business-woman-colour.svg */; };
		89B4E16224B2C76C00B5B841 /* student-colour-1200px.png in Resources */ = {isa = PBXBuildFile; fileRef = 89B4E15524B2C76C00B5B841 /* student-colour-1200px.png */; };
		89B4E16324B2C76C00B5B841 /* startScreenVid.mp4 in Resources */ = {isa = PBXBuildFile; fileRef = 89B4E15624B2C76C00B5B841 /* startScreenVid.mp4 */; };
		89B4E16424B2C76C00B5B841 /* student-colour.svg in Resources */ = {isa = PBXBuildFile; fileRef = 89B4E15724B2C76C00B5B841 /* student-colour.svg */; };
		89B4E16524B2C76C00B5B841 /* startScreenVid.mp4.zip in Resources */ = {isa = PBXBuildFile; fileRef = 89B4E15824B2C76C00B5B841 /* startScreenVid.mp4.zip */; };
		89B4E16624B2C76C00B5B841 /* business-woman-colour-1200px.png in Resources */ = {isa = PBXBuildFile; fileRef = 89B4E15924B2C76C00B5B841 /* business-woman-colour-1200px.png */; };
		89B4E16724B2C76C00B5B841 /* entryway-colour-1200px.png in Resources */ = {isa = PBXBuildFile; fileRef = 89B4E15A24B2C76C00B5B841 /* entryway-colour-1200px.png */; };
		89B4E16824B2C76C00B5B841 /* business-woman-colour-800px.png in Resources */ = {isa = PBXBuildFile; fileRef = 89B4E15B24B2C76C00B5B841 /* business-woman-colour-800px.png */; };
		89B4E16924B2C76C00B5B841 /* student-colour-400px.png in Resources */ = {isa = PBXBuildFile; fileRef = 89B4E15C24B2C76C00B5B841 /* student-colour-400px.png */; };
		89B4E16A24B2C76C00B5B841 /* unlock-monochrome-1200px.png in Resources */ = {isa = PBXBuildFile; fileRef = 89B4E15D24B2C76C00B5B841 /* unlock-monochrome-1200px.png */; };
		89B4E16C24B2D93900B5B841 /* Role.swift in Sources */ = {isa = PBXBuildFile; fileRef = 89B4E16B24B2D93900B5B841 /* Role.swift */; };
		89B4E16E24B2DA2F00B5B841 /* RoleDataManagerOld.swift in Sources */ = {isa = PBXBuildFile; fileRef = 89B4E16D24B2DA2F00B5B841 /* RoleDataManagerOld.swift */; };
		89B4E17024B2DA5A00B5B841 /* RoleDataManager.swift in Sources */ = {isa = PBXBuildFile; fileRef = 89B4E16F24B2DA5A00B5B841 /* RoleDataManager.swift */; };
		89B4E17224B2DA9000B5B841 /* addroleViewController.swift in Sources */ = {isa = PBXBuildFile; fileRef = 89B4E17124B2DA9000B5B841 /* addroleViewController.swift */; };
		89C8AEFA247FE45300F3F614 /* TaskCommentViewController.swift in Sources */ = {isa = PBXBuildFile; fileRef = 89C8AEF9247FE45300F3F614 /* TaskCommentViewController.swift */; };
		89C8AEFD247FE66B00F3F614 /* CommentCell.swift in Sources */ = {isa = PBXBuildFile; fileRef = 89C8AEFC247FE66B00F3F614 /* CommentCell.swift */; };
		89E17010247A538A004C3F45 /* User.swift in Sources */ = {isa = PBXBuildFile; fileRef = 89E1700F247A538A004C3F45 /* User.swift */; };
		89E17014247A55CE004C3F45 /* GoogleService-Info.plist in Resources */ = {isa = PBXBuildFile; fileRef = 89E17013247A55CE004C3F45 /* GoogleService-Info.plist */; };
		89E17016247A58BD004C3F45 /* LoginViewController.swift in Sources */ = {isa = PBXBuildFile; fileRef = 89E17015247A58BD004C3F45 /* LoginViewController.swift */; };
		89E17018247A58DE004C3F45 /* RegisterViewController.swift in Sources */ = {isa = PBXBuildFile; fileRef = 89E17017247A58DE004C3F45 /* RegisterViewController.swift */; };
		89EDABFA24AEFF8B00EBDF2C /* ImportanceTableViewController.swift in Sources */ = {isa = PBXBuildFile; fileRef = 89EDABF924AEFF8B00EBDF2C /* ImportanceTableViewController.swift */; };
		89F6535124B1D56D003C2B0A /* forgotPasswordViewController.swift in Sources */ = {isa = PBXBuildFile; fileRef = 89F6535024B1D56D003C2B0A /* forgotPasswordViewController.swift */; };
		89F8DA9D2464FF1E00B54354 /* TaskCell.swift in Sources */ = {isa = PBXBuildFile; fileRef = 89F8DA9C2464FF1E00B54354 /* TaskCell.swift */; };
		89FDD3A524B4D0A700DEBD96 /* topicText.csv in Resources */ = {isa = PBXBuildFile; fileRef = 89FDD3A424B4D0A700DEBD96 /* topicText.csv */; };
		89FDD3A924B632BD00DEBD96 /* SubjectTableViewController.swift in Sources */ = {isa = PBXBuildFile; fileRef = 89FDD3A824B632BD00DEBD96 /* SubjectTableViewController.swift */; };
		89FE2A5D246477720006F595 /* Task.swift in Sources */ = {isa = PBXBuildFile; fileRef = 89FE2A5C246477720006F595 /* Task.swift */; };
		9E52C57A24B2B90600444978 /* MemberViewController.swift in Sources */ = {isa = PBXBuildFile; fileRef = 9E52C57924B2B90600444978 /* MemberViewController.swift */; };
		9E52C57C24B2BBE800444978 /* MemberTableViewCell.swift in Sources */ = {isa = PBXBuildFile; fileRef = 9E52C57B24B2BBE800444978 /* MemberTableViewCell.swift */; };
		9E52C57E24B2BC7F00444978 /* RoleTableViewCell.swift in Sources */ = {isa = PBXBuildFile; fileRef = 9E52C57D24B2BC7F00444978 /* RoleTableViewCell.swift */; };
		9E567DBD24AAFC0200DE6CDA /* ProjectDataManager.swift in Sources */ = {isa = PBXBuildFile; fileRef = 9E567DBC24AAFC0200DE6CDA /* ProjectDataManager.swift */; };
		9E567DC324AAFC3200DE6CDA /* Seb_LaunchScreen.storyboard in Resources */ = {isa = PBXBuildFile; fileRef = 9E567DC024AAFC3200DE6CDA /* Seb_LaunchScreen.storyboard */; };
		9E5C369924AEF703006F16B5 /* projectdetail2ViewController.swift in Sources */ = {isa = PBXBuildFile; fileRef = 9E5C369124AEF701006F16B5 /* projectdetail2ViewController.swift */; };
		9E5C369C24AEF703006F16B5 /* createprojectViewController.swift in Sources */ = {isa = PBXBuildFile; fileRef = 9E5C369424AEF702006F16B5 /* createprojectViewController.swift */; };
		9E5C36A424AEF753006F16B5 /* RoleDataManager.swift in Sources */ = {isa = PBXBuildFile; fileRef = 9E5C36A224AEF753006F16B5 /* RoleDataManager.swift */; };
		9E61CCFC24B609E5006320BD /* (null) in Sources */ = {isa = PBXBuildFile; };
		F24BC02A24B266E400B8D1ED /* (null) in Sources */ = {isa = PBXBuildFile; };
		F29A531824AED3C300C8255E /* Dom_Storyboard.storyboard in Resources */ = {isa = PBXBuildFile; fileRef = F29A531724AED3C300C8255E /* Dom_Storyboard.storyboard */; };
		FC71DEFBE7A7E36C9D15FA42 /* (null) in Frameworks */ = {isa = PBXBuildFile; };
/* End PBXBuildFile section */

/* Begin PBXFileReference section */
		4B23C1D54DB33B10CFBFF391 /* Pods-SwiftProj.debug.xcconfig */ = {isa = PBXFileReference; includeInIndex = 1; lastKnownFileType = text.xcconfig; name = "Pods-SwiftProj.debug.xcconfig"; path = "Target Support Files/Pods-SwiftProj/Pods-SwiftProj.debug.xcconfig"; sourceTree = "<group>"; };
		8906484824B4C8AC00325C5B /* TopicsClassifier.mlmodel */ = {isa = PBXFileReference; lastKnownFileType = file.mlmodel; path = TopicsClassifier.mlmodel; sourceTree = "<group>"; };
		8920000124A642CC00EE47FA /* EndTimeViewController.swift */ = {isa = PBXFileReference; lastKnownFileType = sourcecode.swift; path = EndTimeViewController.swift; sourceTree = "<group>"; };
		8920000724A75ACC00EE47FA /* MainViewController.swift */ = {isa = PBXFileReference; lastKnownFileType = sourcecode.swift; path = MainViewController.swift; sourceTree = "<group>"; };
		8920FFFF24A641E000EE47FA /* RepeatTableViewController.swift */ = {isa = PBXFileReference; lastKnownFileType = sourcecode.swift; path = RepeatTableViewController.swift; sourceTree = "<group>"; };
		8928F3282466C4330087C59F /* Proxima Nova Extrabold.otf */ = {isa = PBXFileReference; lastKnownFileType = file; path = "Proxima Nova Extrabold.otf"; sourceTree = "<group>"; };
		8928F3292466C4330087C59F /* Proxima Nova Alt Light.otf */ = {isa = PBXFileReference; lastKnownFileType = file; path = "Proxima Nova Alt Light.otf"; sourceTree = "<group>"; };
		8928F32A2466C4330087C59F /* Proxima Nova Alt Thin.otf */ = {isa = PBXFileReference; lastKnownFileType = file; path = "Proxima Nova Alt Thin.otf"; sourceTree = "<group>"; };
		8928F32B2466C4330087C59F /* Proxima Nova Bold.otf */ = {isa = PBXFileReference; lastKnownFileType = file; path = "Proxima Nova Bold.otf"; sourceTree = "<group>"; };
		8928F32C2466C4330087C59F /* Proxima Nova Thin.otf */ = {isa = PBXFileReference; lastKnownFileType = file; path = "Proxima Nova Thin.otf"; sourceTree = "<group>"; };
		8928F32D2466C4330087C59F /* ProximaNova-Regular.otf */ = {isa = PBXFileReference; lastKnownFileType = file; path = "ProximaNova-Regular.otf"; sourceTree = "<group>"; };
		8928F32E2466C4330087C59F /* Proxima Nova Black.otf */ = {isa = PBXFileReference; lastKnownFileType = file; path = "Proxima Nova Black.otf"; sourceTree = "<group>"; };
		8928F32F2466C4330087C59F /* Proxima Nova Alt Bold.otf */ = {isa = PBXFileReference; lastKnownFileType = file; path = "Proxima Nova Alt Bold.otf"; sourceTree = "<group>"; };
		892B0B4224750E2800D3FE7E /* CalendarViewController.swift */ = {isa = PBXFileReference; lastKnownFileType = sourcecode.swift; path = CalendarViewController.swift; sourceTree = "<group>"; };
		89346BF924B71320005379EF /* createproject2ViewController.swift */ = {isa = PBXFileReference; fileEncoding = 4; lastKnownFileType = sourcecode.swift; path = createproject2ViewController.swift; sourceTree = "<group>"; };
		89346BFB24B713D1005379EF /* addmemberViewController.swift */ = {isa = PBXFileReference; fileEncoding = 4; lastKnownFileType = sourcecode.swift; path = addmemberViewController.swift; sourceTree = "<group>"; };
		89517C80247233AC00503219 /* BreakViewController.swift */ = {isa = PBXFileReference; lastKnownFileType = sourcecode.swift; path = BreakViewController.swift; sourceTree = "<group>"; };
		895EE02E247696B400F2C109 /* TimeViewController.swift */ = {isa = PBXFileReference; lastKnownFileType = sourcecode.swift; path = TimeViewController.swift; sourceTree = "<group>"; };
		89672C04247E34EA008F3C13 /* startScreenViewController.swift */ = {isa = PBXFileReference; lastKnownFileType = sourcecode.swift; path = startScreenViewController.swift; sourceTree = "<group>"; };
		898646E32464626F00A5C752 /* SwiftProj.app */ = {isa = PBXFileReference; explicitFileType = wrapper.application; includeInIndex = 0; path = SwiftProj.app; sourceTree = BUILT_PRODUCTS_DIR; };
		898646E62464626F00A5C752 /* AppDelegate.swift */ = {isa = PBXFileReference; lastKnownFileType = sourcecode.swift; path = AppDelegate.swift; sourceTree = "<group>"; };
		898646E82464626F00A5C752 /* SceneDelegate.swift */ = {isa = PBXFileReference; lastKnownFileType = sourcecode.swift; path = SceneDelegate.swift; sourceTree = "<group>"; };
		898646EA2464626F00A5C752 /* ViewController.swift */ = {isa = PBXFileReference; lastKnownFileType = sourcecode.swift; path = ViewController.swift; sourceTree = "<group>"; };
		898646ED2464626F00A5C752 /* Base */ = {isa = PBXFileReference; lastKnownFileType = file.storyboard; name = Base; path = Base.lproj/Main.storyboard; sourceTree = "<group>"; };
		898646F02464626F00A5C752 /* SwiftProj.xcdatamodel */ = {isa = PBXFileReference; lastKnownFileType = wrapper.xcdatamodel; path = SwiftProj.xcdatamodel; sourceTree = "<group>"; };
		898646F22464627000A5C752 /* Assets.xcassets */ = {isa = PBXFileReference; lastKnownFileType = folder.assetcatalog; path = Assets.xcassets; sourceTree = "<group>"; };
		898646F52464627000A5C752 /* Base */ = {isa = PBXFileReference; lastKnownFileType = file.storyboard; name = Base; path = Base.lproj/LaunchScreen.storyboard; sourceTree = "<group>"; };
		898646F72464627000A5C752 /* Info.plist */ = {isa = PBXFileReference; lastKnownFileType = text.plist.xml; path = Info.plist; sourceTree = "<group>"; };
		898646FD2464651C00A5C752 /* EntryViewController.swift */ = {isa = PBXFileReference; lastKnownFileType = sourcecode.swift; path = EntryViewController.swift; sourceTree = "<group>"; };
		898646FF2464653600A5C752 /* TaskViewController.swift */ = {isa = PBXFileReference; lastKnownFileType = sourcecode.swift; path = TaskViewController.swift; sourceTree = "<group>"; };
		898A79C524B0AD1D003130FC /* student-colour-800px.png */ = {isa = PBXFileReference; lastKnownFileType = image.png; path = "student-colour-800px.png"; sourceTree = "<group>"; };
		898A79C624B0AD1D003130FC /* student-colour-1200px.png */ = {isa = PBXFileReference; lastKnownFileType = image.png; path = "student-colour-1200px.png"; sourceTree = "<group>"; };
		898A79C724B0AD1D003130FC /* startScreenVid.mp4 */ = {isa = PBXFileReference; lastKnownFileType = file; path = startScreenVid.mp4; sourceTree = "<group>"; };
		898A79C824B0AD1D003130FC /* student-colour.svg */ = {isa = PBXFileReference; fileEncoding = 4; lastKnownFileType = text; path = "student-colour.svg"; sourceTree = "<group>"; };
		898A79C924B0AD1D003130FC /* startScreenVid.mp4.zip */ = {isa = PBXFileReference; lastKnownFileType = archive.zip; path = startScreenVid.mp4.zip; sourceTree = "<group>"; };
		898A79CA24B0AD1D003130FC /* student-colour-400px.png */ = {isa = PBXFileReference; lastKnownFileType = image.png; path = "student-colour-400px.png"; sourceTree = "<group>"; };
		898A79D124B0D81A003130FC /* business-woman-colour.svg */ = {isa = PBXFileReference; fileEncoding = 4; lastKnownFileType = text; path = "business-woman-colour.svg"; sourceTree = "<group>"; };
		898A79D224B0D81B003130FC /* business-woman-colour-800px.png */ = {isa = PBXFileReference; lastKnownFileType = image.png; path = "business-woman-colour-800px.png"; sourceTree = "<group>"; };
		898A79D324B0D81B003130FC /* business-woman-colour-400px.png */ = {isa = PBXFileReference; lastKnownFileType = image.png; path = "business-woman-colour-400px.png"; sourceTree = "<group>"; };
		898A79D424B0D81B003130FC /* business-woman-colour.psd */ = {isa = PBXFileReference; lastKnownFileType = file; path = "business-woman-colour.psd"; sourceTree = "<group>"; };
		898A79D524B0D81B003130FC /* business-woman-colour-1200px.png */ = {isa = PBXFileReference; lastKnownFileType = image.png; path = "business-woman-colour-1200px.png"; sourceTree = "<group>"; };
		898A79DB24B0D9C1003130FC /* entryway-colour-1200px.png */ = {isa = PBXFileReference; lastKnownFileType = image.png; path = "entryway-colour-1200px.png"; sourceTree = "<group>"; };
		8992193E246E450A0029BFF5 /* CaseDataManager.swift */ = {isa = PBXFileReference; fileEncoding = 4; lastKnownFileType = sourcecode.swift; path = CaseDataManager.swift; sourceTree = "<group>"; };
		8992193F246E450A0029BFF5 /* FullCaseDataManager.swift */ = {isa = PBXFileReference; fileEncoding = 4; lastKnownFileType = sourcecode.swift; path = FullCaseDataManager.swift; sourceTree = "<group>"; };
		89921940246E450A0029BFF5 /* DataManager.swift */ = {isa = PBXFileReference; fileEncoding = 4; lastKnownFileType = sourcecode.swift; path = DataManager.swift; sourceTree = "<group>"; };
		89921941246E450A0029BFF5 /* CountryDataManager.swift */ = {isa = PBXFileReference; fileEncoding = 4; lastKnownFileType = sourcecode.swift; path = CountryDataManager.swift; sourceTree = "<group>"; };
		89921946246E45290029BFF5 /* SavedCountry.swift */ = {isa = PBXFileReference; fileEncoding = 4; lastKnownFileType = sourcecode.swift; path = SavedCountry.swift; sourceTree = "<group>"; };
		89921947246E45290029BFF5 /* Case.swift */ = {isa = PBXFileReference; fileEncoding = 4; lastKnownFileType = sourcecode.swift; path = Case.swift; sourceTree = "<group>"; };
		8992194B246E45760029BFF5 /* HTTP.swift */ = {isa = PBXFileReference; fileEncoding = 4; lastKnownFileType = sourcecode.swift; path = HTTP.swift; sourceTree = "<group>"; };
		8992194C246E45760029BFF5 /* SwiftyJSON.swift */ = {isa = PBXFileReference; fileEncoding = 4; lastKnownFileType = sourcecode.swift; path = SwiftyJSON.swift; sourceTree = "<group>"; };
		8992194F246E459C0029BFF5 /* SQLiteDB.swift */ = {isa = PBXFileReference; fileEncoding = 4; lastKnownFileType = sourcecode.swift; path = SQLiteDB.swift; sourceTree = "<group>"; };
		89921951246E45CB0029BFF5 /* MapViewController.swift */ = {isa = PBXFileReference; lastKnownFileType = sourcecode.swift; path = MapViewController.swift; sourceTree = "<group>"; };
		89921955246E46870029BFF5 /* SwiftProj-Bridging-Header.h */ = {isa = PBXFileReference; lastKnownFileType = sourcecode.c.h; path = "SwiftProj-Bridging-Header.h"; sourceTree = "<group>"; };
		89921956246E46870029BFF5 /* BridgingHeader.h */ = {isa = PBXFileReference; lastKnownFileType = sourcecode.c.h; path = BridgingHeader.h; sourceTree = "<group>"; };
		89921957246E46870029BFF5 /* BridgingHeader.m */ = {isa = PBXFileReference; lastKnownFileType = sourcecode.c.objc; path = BridgingHeader.m; sourceTree = "<group>"; };
		8992195A246E46CD0029BFF5 /* libsqlite3.tbd */ = {isa = PBXFileReference; lastKnownFileType = "sourcecode.text-based-dylib-definition"; name = libsqlite3.tbd; path = usr/lib/libsqlite3.tbd; sourceTree = SDKROOT; };
		89A67B3F249BB35C006241C5 /* ProfileViewController.swift */ = {isa = PBXFileReference; lastKnownFileType = sourcecode.swift; path = ProfileViewController.swift; sourceTree = "<group>"; };
		89B4E14C24B2C71500B5B841 /* ProjectOld.swift */ = {isa = PBXFileReference; fileEncoding = 4; lastKnownFileType = sourcecode.swift; path = ProjectOld.swift; sourceTree = "<group>"; };
		89B4E14E24B2C73100B5B841 /* Project.swift */ = {isa = PBXFileReference; lastKnownFileType = sourcecode.swift; path = Project.swift; sourceTree = "<group>"; };
		89B4E15124B2C76C00B5B841 /* student-colour-800px.png */ = {isa = PBXFileReference; lastKnownFileType = image.png; path = "student-colour-800px.png"; sourceTree = "<group>"; };
		89B4E15224B2C76C00B5B841 /* business-woman-colour-400px.png */ = {isa = PBXFileReference; lastKnownFileType = image.png; path = "business-woman-colour-400px.png"; sourceTree = "<group>"; };
		89B4E15324B2C76C00B5B841 /* business-woman-colour.psd */ = {isa = PBXFileReference; lastKnownFileType = file; path = "business-woman-colour.psd"; sourceTree = "<group>"; };
		89B4E15424B2C76C00B5B841 /* business-woman-colour.svg */ = {isa = PBXFileReference; fileEncoding = 4; lastKnownFileType = text; path = "business-woman-colour.svg"; sourceTree = "<group>"; };
		89B4E15524B2C76C00B5B841 /* student-colour-1200px.png */ = {isa = PBXFileReference; lastKnownFileType = image.png; path = "student-colour-1200px.png"; sourceTree = "<group>"; };
		89B4E15624B2C76C00B5B841 /* startScreenVid.mp4 */ = {isa = PBXFileReference; lastKnownFileType = file; path = startScreenVid.mp4; sourceTree = "<group>"; };
		89B4E15724B2C76C00B5B841 /* student-colour.svg */ = {isa = PBXFileReference; fileEncoding = 4; lastKnownFileType = text; path = "student-colour.svg"; sourceTree = "<group>"; };
		89B4E15824B2C76C00B5B841 /* startScreenVid.mp4.zip */ = {isa = PBXFileReference; lastKnownFileType = archive.zip; path = startScreenVid.mp4.zip; sourceTree = "<group>"; };
		89B4E15924B2C76C00B5B841 /* business-woman-colour-1200px.png */ = {isa = PBXFileReference; lastKnownFileType = image.png; path = "business-woman-colour-1200px.png"; sourceTree = "<group>"; };
		89B4E15A24B2C76C00B5B841 /* entryway-colour-1200px.png */ = {isa = PBXFileReference; lastKnownFileType = image.png; path = "entryway-colour-1200px.png"; sourceTree = "<group>"; };
		89B4E15B24B2C76C00B5B841 /* business-woman-colour-800px.png */ = {isa = PBXFileReference; lastKnownFileType = image.png; path = "business-woman-colour-800px.png"; sourceTree = "<group>"; };
		89B4E15C24B2C76C00B5B841 /* student-colour-400px.png */ = {isa = PBXFileReference; lastKnownFileType = image.png; path = "student-colour-400px.png"; sourceTree = "<group>"; };
		89B4E15D24B2C76C00B5B841 /* unlock-monochrome-1200px.png */ = {isa = PBXFileReference; lastKnownFileType = image.png; path = "unlock-monochrome-1200px.png"; sourceTree = "<group>"; };
		89B4E16B24B2D93900B5B841 /* Role.swift */ = {isa = PBXFileReference; lastKnownFileType = sourcecode.swift; path = Role.swift; sourceTree = "<group>"; };
		89B4E16D24B2DA2F00B5B841 /* RoleDataManagerOld.swift */ = {isa = PBXFileReference; fileEncoding = 4; lastKnownFileType = sourcecode.swift; path = RoleDataManagerOld.swift; sourceTree = "<group>"; };
		89B4E16F24B2DA5A00B5B841 /* RoleDataManager.swift */ = {isa = PBXFileReference; fileEncoding = 4; lastKnownFileType = sourcecode.swift; path = RoleDataManager.swift; sourceTree = "<group>"; };
		89B4E17124B2DA9000B5B841 /* addroleViewController.swift */ = {isa = PBXFileReference; fileEncoding = 4; lastKnownFileType = sourcecode.swift; path = addroleViewController.swift; sourceTree = "<group>"; };
		89C8AEF9247FE45300F3F614 /* TaskCommentViewController.swift */ = {isa = PBXFileReference; lastKnownFileType = sourcecode.swift; path = TaskCommentViewController.swift; sourceTree = "<group>"; };
		89C8AEFC247FE66B00F3F614 /* CommentCell.swift */ = {isa = PBXFileReference; lastKnownFileType = sourcecode.swift; path = CommentCell.swift; sourceTree = "<group>"; };
		89E1700F247A538A004C3F45 /* User.swift */ = {isa = PBXFileReference; lastKnownFileType = sourcecode.swift; path = User.swift; sourceTree = "<group>"; };
		89E17013247A55CE004C3F45 /* GoogleService-Info.plist */ = {isa = PBXFileReference; fileEncoding = 4; lastKnownFileType = text.plist.xml; path = "GoogleService-Info.plist"; sourceTree = "<group>"; };
		89E17015247A58BD004C3F45 /* LoginViewController.swift */ = {isa = PBXFileReference; lastKnownFileType = sourcecode.swift; path = LoginViewController.swift; sourceTree = "<group>"; };
		89E17017247A58DE004C3F45 /* RegisterViewController.swift */ = {isa = PBXFileReference; lastKnownFileType = sourcecode.swift; path = RegisterViewController.swift; sourceTree = "<group>"; };
		89EDABF924AEFF8B00EBDF2C /* ImportanceTableViewController.swift */ = {isa = PBXFileReference; lastKnownFileType = sourcecode.swift; path = ImportanceTableViewController.swift; sourceTree = "<group>"; };
		89F6534E24B1D522003C2B0A /* unlock-monochrome-1200px.png */ = {isa = PBXFileReference; lastKnownFileType = image.png; path = "unlock-monochrome-1200px.png"; sourceTree = "<group>"; };
		89F6535024B1D56D003C2B0A /* forgotPasswordViewController.swift */ = {isa = PBXFileReference; lastKnownFileType = sourcecode.swift; path = forgotPasswordViewController.swift; sourceTree = "<group>"; };
		89F8DA9C2464FF1E00B54354 /* TaskCell.swift */ = {isa = PBXFileReference; lastKnownFileType = sourcecode.swift; path = TaskCell.swift; sourceTree = "<group>"; };
		89FDD3A424B4D0A700DEBD96 /* topicText.csv */ = {isa = PBXFileReference; lastKnownFileType = text; path = topicText.csv; sourceTree = SOURCE_ROOT; };
		89FDD3A824B632BD00DEBD96 /* SubjectTableViewController.swift */ = {isa = PBXFileReference; lastKnownFileType = sourcecode.swift; path = SubjectTableViewController.swift; sourceTree = "<group>"; };
		89FE2A5C246477720006F595 /* Task.swift */ = {isa = PBXFileReference; lastKnownFileType = sourcecode.swift; path = Task.swift; sourceTree = "<group>"; };
		9E52C57924B2B90600444978 /* MemberViewController.swift */ = {isa = PBXFileReference; lastKnownFileType = sourcecode.swift; path = MemberViewController.swift; sourceTree = "<group>"; };
		9E52C57B24B2BBE800444978 /* MemberTableViewCell.swift */ = {isa = PBXFileReference; lastKnownFileType = sourcecode.swift; path = MemberTableViewCell.swift; sourceTree = "<group>"; };
		9E52C57D24B2BC7F00444978 /* RoleTableViewCell.swift */ = {isa = PBXFileReference; lastKnownFileType = sourcecode.swift; path = RoleTableViewCell.swift; sourceTree = "<group>"; };
		9E567DBC24AAFC0200DE6CDA /* ProjectDataManager.swift */ = {isa = PBXFileReference; fileEncoding = 4; lastKnownFileType = sourcecode.swift; path = ProjectDataManager.swift; sourceTree = "<group>"; };
		9E567DC124AAFC3200DE6CDA /* Base */ = {isa = PBXFileReference; lastKnownFileType = file.storyboard; name = Base; path = Base.lproj/Seb_LaunchScreen.storyboard; sourceTree = "<group>"; };
		9E5C369124AEF701006F16B5 /* projectdetail2ViewController.swift */ = {isa = PBXFileReference; fileEncoding = 4; lastKnownFileType = sourcecode.swift; path = projectdetail2ViewController.swift; sourceTree = "<group>"; };
		9E5C369224AEF701006F16B5 /* projectdetail1ViewController.swift */ = {isa = PBXFileReference; fileEncoding = 4; lastKnownFileType = sourcecode.swift; path = projectdetail1ViewController.swift; sourceTree = "<group>"; };
		9E5C369424AEF702006F16B5 /* createprojectViewController.swift */ = {isa = PBXFileReference; fileEncoding = 4; lastKnownFileType = sourcecode.swift; path = createprojectViewController.swift; sourceTree = "<group>"; };
		9E5C369524AEF702006F16B5 /* addprojectpageviewcontrollerViewController.swift */ = {isa = PBXFileReference; fileEncoding = 4; lastKnownFileType = sourcecode.swift; path = addprojectpageviewcontrollerViewController.swift; sourceTree = "<group>"; };
		9E5C369624AEF702006F16B5 /* ProjectCellTableViewCell.swift */ = {isa = PBXFileReference; fileEncoding = 4; lastKnownFileType = sourcecode.swift; path = ProjectCellTableViewCell.swift; sourceTree = "<group>"; };
		9E5C369824AEF703006F16B5 /* ProjectViewController.swift */ = {isa = PBXFileReference; fileEncoding = 4; lastKnownFileType = sourcecode.swift; path = ProjectViewController.swift; sourceTree = "<group>"; };
		9E5C36A124AEF752006F16B5 /* ProjectgroupDataManager.swift */ = {isa = PBXFileReference; fileEncoding = 4; lastKnownFileType = sourcecode.swift; path = ProjectgroupDataManager.swift; sourceTree = "<group>"; };
		9E5C36A224AEF753006F16B5 /* RoleDataManager.swift */ = {isa = PBXFileReference; fileEncoding = 4; lastKnownFileType = sourcecode.swift; path = RoleDataManager.swift; sourceTree = "<group>"; };
		9E5C36A524AEF790006F16B5 /* Role.swift */ = {isa = PBXFileReference; fileEncoding = 4; lastKnownFileType = sourcecode.swift; path = Role.swift; sourceTree = "<group>"; };
		9E5C36A724AEF790006F16B5 /* Projectgroup.swift */ = {isa = PBXFileReference; fileEncoding = 4; lastKnownFileType = sourcecode.swift; path = Projectgroup.swift; sourceTree = "<group>"; };
		9E5C36AC24AEF7AB006F16B5 /* Base */ = {isa = PBXFileReference; lastKnownFileType = file.storyboard; name = Base; path = Base.lproj/Seb_Main.storyboard; sourceTree = "<group>"; };
		F29A531724AED3C300C8255E /* Dom_Storyboard.storyboard */ = {isa = PBXFileReference; lastKnownFileType = file.storyboard; path = Dom_Storyboard.storyboard; sourceTree = "<group>"; };
		F92B2CF8BD0DA21CD0B994EE /* Pods-SwiftProj.release.xcconfig */ = {isa = PBXFileReference; includeInIndex = 1; lastKnownFileType = text.xcconfig; name = "Pods-SwiftProj.release.xcconfig"; path = "Target Support Files/Pods-SwiftProj/Pods-SwiftProj.release.xcconfig"; sourceTree = "<group>"; };
/* End PBXFileReference section */

/* Begin PBXFrameworksBuildPhase section */
		898646E02464626F00A5C752 /* Frameworks */ = {
			isa = PBXFrameworksBuildPhase;
			buildActionMask = 2147483647;
			files = (
				8992195B246E46CD0029BFF5 /* libsqlite3.tbd in Frameworks */,
				6B6C0C376A376A81AD14C328 /* (null) in Frameworks */,
				FC71DEFBE7A7E36C9D15FA42 /* (null) in Frameworks */,
			);
			runOnlyForDeploymentPostprocessing = 0;
		};
/* End PBXFrameworksBuildPhase section */

/* Begin PBXGroup section */
		8928F3272466C41F0087C59F /* Fonts */ = {
			isa = PBXGroup;
			children = (
				8928F32F2466C4330087C59F /* Proxima Nova Alt Bold.otf */,
				8928F3292466C4330087C59F /* Proxima Nova Alt Light.otf */,
				8928F32A2466C4330087C59F /* Proxima Nova Alt Thin.otf */,
				8928F32E2466C4330087C59F /* Proxima Nova Black.otf */,
				8928F32B2466C4330087C59F /* Proxima Nova Bold.otf */,
				8928F3282466C4330087C59F /* Proxima Nova Extrabold.otf */,
				8928F32C2466C4330087C59F /* Proxima Nova Thin.otf */,
				8928F32D2466C4330087C59F /* ProximaNova-Regular.otf */,
			);
			path = Fonts;
			sourceTree = "<group>";
		};
		895EE02D2476968400F2C109 /* ViewControllers */ = {
			isa = PBXGroup;
			children = (
				89F6535024B1D56D003C2B0A /* forgotPasswordViewController.swift */,
				898646EA2464626F00A5C752 /* ViewController.swift */,
				89921951246E45CB0029BFF5 /* MapViewController.swift */,
				898646FD2464651C00A5C752 /* EntryViewController.swift */,
				898646FF2464653600A5C752 /* TaskViewController.swift */,
				89517C80247233AC00503219 /* BreakViewController.swift */,
				892B0B4224750E2800D3FE7E /* CalendarViewController.swift */,
				89E17015247A58BD004C3F45 /* LoginViewController.swift */,
				89E17017247A58DE004C3F45 /* RegisterViewController.swift */,
				89672C04247E34EA008F3C13 /* startScreenViewController.swift */,
				89C8AEF9247FE45300F3F614 /* TaskCommentViewController.swift */,
				89A67B3F249BB35C006241C5 /* ProfileViewController.swift */,
				8920FFFF24A641E000EE47FA /* RepeatTableViewController.swift */,
				8920000724A75ACC00EE47FA /* MainViewController.swift */,
				89EDABF924AEFF8B00EBDF2C /* ImportanceTableViewController.swift */,
				895EE02E247696B400F2C109 /* TimeViewController.swift */,
				8920000124A642CC00EE47FA /* EndTimeViewController.swift */,
				89FDD3A824B632BD00DEBD96 /* SubjectTableViewController.swift */,
			);
			path = ViewControllers;
			sourceTree = "<group>";
		};
		898646DA2464626F00A5C752 = {
			isa = PBXGroup;
			children = (
				898646E52464626F00A5C752 /* SwiftProj */,
				898646E42464626F00A5C752 /* Products */,
				89921959246E46CD0029BFF5 /* Frameworks */,
				C43BFB3B8B0F2346BDC6FCD4 /* Pods */,
				89B4E14B24B2C67D00B5B841 /* Recovered References */,
			);
			sourceTree = "<group>";
		};
		898646E42464626F00A5C752 /* Products */ = {
			isa = PBXGroup;
			children = (
				898646E32464626F00A5C752 /* SwiftProj.app */,
			);
			name = Products;
			sourceTree = "<group>";
		};
		898646E52464626F00A5C752 /* SwiftProj */ = {
			isa = PBXGroup;
			children = (
				8906484824B4C8AC00325C5B /* TopicsClassifier.mlmodel */,
				89FDD3A424B4D0A700DEBD96 /* topicText.csv */,
				89B4E15024B2C76C00B5B841 /* Media */,
				F24BC02824B266BA00B8D1ED /* dom_VC */,
				9E567DAB24AAF8C400DE6CDA /* Seb_ViewControllers */,
				895EE02D2476968400F2C109 /* ViewControllers */,
				8992194F246E459C0029BFF5 /* SQLiteDB.swift */,
				8992194A246E453C0029BFF5 /* Helpers */,
				8992193D246E44E00029BFF5 /* DataManagers */,
				8928F3272466C41F0087C59F /* Fonts */,
				89F8DA9B2464FEF700B54354 /* Models */,
				898646E82464626F00A5C752 /* SceneDelegate.swift */,
				898646E62464626F00A5C752 /* AppDelegate.swift */,
				898646EC2464626F00A5C752 /* Main.storyboard */,
				898646F22464627000A5C752 /* Assets.xcassets */,
				9E567DC024AAFC3200DE6CDA /* Seb_LaunchScreen.storyboard */,
				9E5C36AB24AEF7AB006F16B5 /* Seb_Main.storyboard */,
				898646F42464627000A5C752 /* LaunchScreen.storyboard */,
				898646F72464627000A5C752 /* Info.plist */,
				89E17013247A55CE004C3F45 /* GoogleService-Info.plist */,
				898646EF2464626F00A5C752 /* SwiftProj.xcdatamodeld */,
				89921956246E46870029BFF5 /* BridgingHeader.h */,
				89921957246E46870029BFF5 /* BridgingHeader.m */,
				89921955246E46870029BFF5 /* SwiftProj-Bridging-Header.h */,
				F29A531724AED3C300C8255E /* Dom_Storyboard.storyboard */,
			);
			path = SwiftProj;
			sourceTree = "<group>";
		};
		8992193D246E44E00029BFF5 /* DataManagers */ = {
			isa = PBXGroup;
			children = (
				89B4E16F24B2DA5A00B5B841 /* RoleDataManager.swift */,
				89B4E16D24B2DA2F00B5B841 /* RoleDataManagerOld.swift */,
				9E5C36A124AEF752006F16B5 /* ProjectgroupDataManager.swift */,
				9E5C36A224AEF753006F16B5 /* RoleDataManager.swift */,
				9E567DBC24AAFC0200DE6CDA /* ProjectDataManager.swift */,
				8992193E246E450A0029BFF5 /* CaseDataManager.swift */,
				89921941246E450A0029BFF5 /* CountryDataManager.swift */,
				89921940246E450A0029BFF5 /* DataManager.swift */,
				8992193F246E450A0029BFF5 /* FullCaseDataManager.swift */,
			);
			path = DataManagers;
			sourceTree = "<group>";
		};
		8992194A246E453C0029BFF5 /* Helpers */ = {
			isa = PBXGroup;
			children = (
				8992194B246E45760029BFF5 /* HTTP.swift */,
				8992194C246E45760029BFF5 /* SwiftyJSON.swift */,
			);
			path = Helpers;
			sourceTree = "<group>";
		};
		89921959246E46CD0029BFF5 /* Frameworks */ = {
			isa = PBXGroup;
			children = (
				8992195A246E46CD0029BFF5 /* libsqlite3.tbd */,
			);
			name = Frameworks;
			sourceTree = "<group>";
		};
		89B4E14B24B2C67D00B5B841 /* Recovered References */ = {
			isa = PBXGroup;
			children = (
				898A79C524B0AD1D003130FC /* student-colour-800px.png */,
				898A79D124B0D81A003130FC /* business-woman-colour.svg */,
				898A79CA24B0AD1D003130FC /* student-colour-400px.png */,
				89F6534E24B1D522003C2B0A /* unlock-monochrome-1200px.png */,
				898A79D424B0D81B003130FC /* business-woman-colour.psd */,
				898A79D224B0D81B003130FC /* business-woman-colour-800px.png */,
				898A79C724B0AD1D003130FC /* startScreenVid.mp4 */,
				898A79DB24B0D9C1003130FC /* entryway-colour-1200px.png */,
				898A79C624B0AD1D003130FC /* student-colour-1200px.png */,
				898A79D324B0D81B003130FC /* business-woman-colour-400px.png */,
				898A79C824B0AD1D003130FC /* student-colour.svg */,
				898A79D524B0D81B003130FC /* business-woman-colour-1200px.png */,
				898A79C924B0AD1D003130FC /* startScreenVid.mp4.zip */,
			);
			name = "Recovered References";
			sourceTree = "<group>";
		};
		89B4E15024B2C76C00B5B841 /* Media */ = {
			isa = PBXGroup;
			children = (
				89B4E15124B2C76C00B5B841 /* student-colour-800px.png */,
				89B4E15224B2C76C00B5B841 /* business-woman-colour-400px.png */,
				89B4E15324B2C76C00B5B841 /* business-woman-colour.psd */,
				89B4E15424B2C76C00B5B841 /* business-woman-colour.svg */,
				89B4E15524B2C76C00B5B841 /* student-colour-1200px.png */,
				89B4E15624B2C76C00B5B841 /* startScreenVid.mp4 */,
				89B4E15724B2C76C00B5B841 /* student-colour.svg */,
				89B4E15824B2C76C00B5B841 /* startScreenVid.mp4.zip */,
				89B4E15924B2C76C00B5B841 /* business-woman-colour-1200px.png */,
				89B4E15A24B2C76C00B5B841 /* entryway-colour-1200px.png */,
				89B4E15B24B2C76C00B5B841 /* business-woman-colour-800px.png */,
				89B4E15C24B2C76C00B5B841 /* student-colour-400px.png */,
				89B4E15D24B2C76C00B5B841 /* unlock-monochrome-1200px.png */,
			);
			path = Media;
			sourceTree = "<group>";
		};
		89F8DA9B2464FEF700B54354 /* Models */ = {
			isa = PBXGroup;
			children = (
				89B4E14C24B2C71500B5B841 /* ProjectOld.swift */,
				9E5C36A724AEF790006F16B5 /* Projectgroup.swift */,
				9E5C36A524AEF790006F16B5 /* Role.swift */,
				89921947246E45290029BFF5 /* Case.swift */,
				89921946246E45290029BFF5 /* SavedCountry.swift */,
				89FE2A5C246477720006F595 /* Task.swift */,
				89F8DA9C2464FF1E00B54354 /* TaskCell.swift */,
				89E1700F247A538A004C3F45 /* User.swift */,
				89C8AEFC247FE66B00F3F614 /* CommentCell.swift */,
				89B4E14E24B2C73100B5B841 /* Project.swift */,
				89B4E16B24B2D93900B5B841 /* Role.swift */,
			);
			path = Models;
			sourceTree = "<group>";
		};
		9E567DAB24AAF8C400DE6CDA /* Seb_ViewControllers */ = {
			isa = PBXGroup;
			children = (
				89B4E17124B2DA9000B5B841 /* addroleViewController.swift */,
				9E5C369524AEF702006F16B5 /* addprojectpageviewcontrollerViewController.swift */,
				89346BF924B71320005379EF /* createproject2ViewController.swift */,
				9E5C369424AEF702006F16B5 /* createprojectViewController.swift */,
				9E5C369624AEF702006F16B5 /* ProjectCellTableViewCell.swift */,
				9E5C369224AEF701006F16B5 /* projectdetail1ViewController.swift */,
				9E5C369124AEF701006F16B5 /* projectdetail2ViewController.swift */,
				9E5C369824AEF703006F16B5 /* ProjectViewController.swift */,
				9E52C57924B2B90600444978 /* MemberViewController.swift */,
				9E52C57B24B2BBE800444978 /* MemberTableViewCell.swift */,
				9E52C57D24B2BC7F00444978 /* RoleTableViewCell.swift */,
				89346BFB24B713D1005379EF /* addmemberViewController.swift */,
			);
			path = Seb_ViewControllers;
			sourceTree = "<group>";
		};
		C43BFB3B8B0F2346BDC6FCD4 /* Pods */ = {
			isa = PBXGroup;
			children = (
				4B23C1D54DB33B10CFBFF391 /* Pods-SwiftProj.debug.xcconfig */,
				F92B2CF8BD0DA21CD0B994EE /* Pods-SwiftProj.release.xcconfig */,
			);
			path = Pods;
			sourceTree = "<group>";
		};
		F24BC02824B266BA00B8D1ED /* dom_VC */ = {
			isa = PBXGroup;
			children = (
			);
			path = dom_VC;
			sourceTree = "<group>";
		};
/* End PBXGroup section */

/* Begin PBXNativeTarget section */
		898646E22464626F00A5C752 /* SwiftProj */ = {
			isa = PBXNativeTarget;
			buildConfigurationList = 898646FA2464627000A5C752 /* Build configuration list for PBXNativeTarget "SwiftProj" */;
			buildPhases = (
				BD7225FC8332A5F6D1338CBD /* [CP] Check Pods Manifest.lock */,
				898646DF2464626F00A5C752 /* Sources */,
				898646E02464626F00A5C752 /* Frameworks */,
				898646E12464626F00A5C752 /* Resources */,
				805E01124D5628CA33D63CD6 /* [CP] Embed Pods Frameworks */,
				BECA0C5B6B0DB71FEB2D4643 /* [CP] Copy Pods Resources */,
			);
			buildRules = (
			);
			dependencies = (
			);
			name = SwiftProj;
			productName = SwiftProj;
			productReference = 898646E32464626F00A5C752 /* SwiftProj.app */;
			productType = "com.apple.product-type.application";
		};
/* End PBXNativeTarget section */

/* Begin PBXProject section */
		898646DB2464626F00A5C752 /* Project object */ = {
			isa = PBXProject;
			attributes = {
				LastSwiftUpdateCheck = 1140;
				LastUpgradeCheck = 1140;
				ORGANIZATIONNAME = "Ong Chong Yong";
				TargetAttributes = {
					898646E22464626F00A5C752 = {
						CreatedOnToolsVersion = 11.4.1;
						LastSwiftMigration = 1140;
					};
				};
			};
			buildConfigurationList = 898646DE2464626F00A5C752 /* Build configuration list for PBXProject "SwiftProj" */;
			compatibilityVersion = "Xcode 9.3";
			developmentRegion = en;
			hasScannedForEncodings = 0;
			knownRegions = (
				en,
				Base,
			);
			mainGroup = 898646DA2464626F00A5C752;
			productRefGroup = 898646E42464626F00A5C752 /* Products */;
			projectDirPath = "";
			projectRoot = "";
			targets = (
				898646E22464626F00A5C752 /* SwiftProj */,
			);
		};
/* End PBXProject section */

/* Begin PBXResourcesBuildPhase section */
		898646E12464626F00A5C752 /* Resources */ = {
			isa = PBXResourcesBuildPhase;
			buildActionMask = 2147483647;
			files = (
				89B4E15F24B2C76C00B5B841 /* business-woman-colour-400px.png in Resources */,
				89B4E16824B2C76C00B5B841 /* business-woman-colour-800px.png in Resources */,
				89B4E16024B2C76C00B5B841 /* business-woman-colour.psd in Resources */,
				89B4E16324B2C76C00B5B841 /* startScreenVid.mp4 in Resources */,
				89B4E16924B2C76C00B5B841 /* student-colour-400px.png in Resources */,
				89B4E16524B2C76C00B5B841 /* startScreenVid.mp4.zip in Resources */,
				F29A531824AED3C300C8255E /* Dom_Storyboard.storyboard in Resources */,
				9E567DC324AAFC3200DE6CDA /* Seb_LaunchScreen.storyboard in Resources */,
				898646F62464627000A5C752 /* LaunchScreen.storyboard in Resources */,
				89B4E16724B2C76C00B5B841 /* entryway-colour-1200px.png in Resources */,
				89B4E16124B2C76C00B5B841 /* business-woman-colour.svg in Resources */,
				89FDD3A524B4D0A700DEBD96 /* topicText.csv in Resources */,
				89E17014247A55CE004C3F45 /* GoogleService-Info.plist in Resources */,
				89B4E16A24B2C76C00B5B841 /* unlock-monochrome-1200px.png in Resources */,
				89B4E16424B2C76C00B5B841 /* student-colour.svg in Resources */,
				89B4E15E24B2C76C00B5B841 /* student-colour-800px.png in Resources */,
				89B4E16224B2C76C00B5B841 /* student-colour-1200px.png in Resources */,
				898646F32464627000A5C752 /* Assets.xcassets in Resources */,
				898646EE2464626F00A5C752 /* Main.storyboard in Resources */,
				89B4E16624B2C76C00B5B841 /* business-woman-colour-1200px.png in Resources */,
			);
			runOnlyForDeploymentPostprocessing = 0;
		};
/* End PBXResourcesBuildPhase section */

/* Begin PBXShellScriptBuildPhase section */
		805E01124D5628CA33D63CD6 /* [CP] Embed Pods Frameworks */ = {
			isa = PBXShellScriptBuildPhase;
			buildActionMask = 2147483647;
			files = (
			);
			inputFileListPaths = (
				"${PODS_ROOT}/Target Support Files/Pods-SwiftProj/Pods-SwiftProj-frameworks-${CONFIGURATION}-input-files.xcfilelist",
			);
			name = "[CP] Embed Pods Frameworks";
			outputFileListPaths = (
				"${PODS_ROOT}/Target Support Files/Pods-SwiftProj/Pods-SwiftProj-frameworks-${CONFIGURATION}-output-files.xcfilelist",
			);
			runOnlyForDeploymentPostprocessing = 0;
			shellPath = /bin/sh;
			shellScript = "\"${PODS_ROOT}/Target Support Files/Pods-SwiftProj/Pods-SwiftProj-frameworks.sh\"\n";
			showEnvVarsInLog = 0;
		};
		BD7225FC8332A5F6D1338CBD /* [CP] Check Pods Manifest.lock */ = {
			isa = PBXShellScriptBuildPhase;
			buildActionMask = 2147483647;
			files = (
			);
			inputFileListPaths = (
			);
			inputPaths = (
				"${PODS_PODFILE_DIR_PATH}/Podfile.lock",
				"${PODS_ROOT}/Manifest.lock",
			);
			name = "[CP] Check Pods Manifest.lock";
			outputFileListPaths = (
			);
			outputPaths = (
				"$(DERIVED_FILE_DIR)/Pods-SwiftProj-checkManifestLockResult.txt",
			);
			runOnlyForDeploymentPostprocessing = 0;
			shellPath = /bin/sh;
			shellScript = "diff \"${PODS_PODFILE_DIR_PATH}/Podfile.lock\" \"${PODS_ROOT}/Manifest.lock\" > /dev/null\nif [ $? != 0 ] ; then\n    # print error to STDERR\n    echo \"error: The sandbox is not in sync with the Podfile.lock. Run 'pod install' or update your CocoaPods installation.\" >&2\n    exit 1\nfi\n# This output is used by Xcode 'outputs' to avoid re-running this script phase.\necho \"SUCCESS\" > \"${SCRIPT_OUTPUT_FILE_0}\"\n";
			showEnvVarsInLog = 0;
		};
		BECA0C5B6B0DB71FEB2D4643 /* [CP] Copy Pods Resources */ = {
			isa = PBXShellScriptBuildPhase;
			buildActionMask = 2147483647;
			files = (
			);
			inputFileListPaths = (
				"${PODS_ROOT}/Target Support Files/Pods-SwiftProj/Pods-SwiftProj-resources-${CONFIGURATION}-input-files.xcfilelist",
			);
			name = "[CP] Copy Pods Resources";
			outputFileListPaths = (
				"${PODS_ROOT}/Target Support Files/Pods-SwiftProj/Pods-SwiftProj-resources-${CONFIGURATION}-output-files.xcfilelist",
			);
			runOnlyForDeploymentPostprocessing = 0;
			shellPath = /bin/sh;
			shellScript = "\"${PODS_ROOT}/Target Support Files/Pods-SwiftProj/Pods-SwiftProj-resources.sh\"\n";
			showEnvVarsInLog = 0;
		};
/* End PBXShellScriptBuildPhase section */

/* Begin PBXSourcesBuildPhase section */
		898646DF2464626F00A5C752 /* Sources */ = {
			isa = PBXSourcesBuildPhase;
			buildActionMask = 2147483647;
			files = (
				8992194D246E45760029BFF5 /* HTTP.swift in Sources */,
				89B4E16E24B2DA2F00B5B841 /* RoleDataManagerOld.swift in Sources */,
				89921942246E450A0029BFF5 /* CaseDataManager.swift in Sources */,
				898646EB2464626F00A5C752 /* ViewController.swift in Sources */,
				89B4E14D24B2C71500B5B841 /* ProjectOld.swift in Sources */,
				898646FE2464651C00A5C752 /* EntryViewController.swift in Sources */,
				89B4E14F24B2C73100B5B841 /* Project.swift in Sources */,
				89921950246E459C0029BFF5 /* SQLiteDB.swift in Sources */,
				89B4E17024B2DA5A00B5B841 /* RoleDataManager.swift in Sources */,
				895EE02F247696B400F2C109 /* TimeViewController.swift in Sources */,
				898646E72464626F00A5C752 /* AppDelegate.swift in Sources */,
				9E5C369924AEF703006F16B5 /* projectdetail2ViewController.swift in Sources */,
				89672C05247E34EA008F3C13 /* startScreenViewController.swift in Sources */,
				9E52C57A24B2B90600444978 /* MemberViewController.swift in Sources */,
				89921943246E450A0029BFF5 /* FullCaseDataManager.swift in Sources */,
				89921949246E45290029BFF5 /* Case.swift in Sources */,
				89EDABFA24AEFF8B00EBDF2C /* ImportanceTableViewController.swift in Sources */,
				898646F12464626F00A5C752 /* SwiftProj.xcdatamodeld in Sources */,
				F24BC02A24B266E400B8D1ED /* (null) in Sources */,
				89F8DA9D2464FF1E00B54354 /* TaskCell.swift in Sources */,
				89B4E17224B2DA9000B5B841 /* addroleViewController.swift in Sources */,
				8920000824A75ACC00EE47FA /* MainViewController.swift in Sources */,
				9E61CCFC24B609E5006320BD /* (null) in Sources */,
				89346BFC24B713D1005379EF /* addmemberViewController.swift in Sources */,
				898646E92464626F00A5C752 /* SceneDelegate.swift in Sources */,
				89A67B40249BB35C006241C5 /* ProfileViewController.swift in Sources */,
				9E52C57E24B2BC7F00444978 /* RoleTableViewCell.swift in Sources */,
				89C8AEFA247FE45300F3F614 /* TaskCommentViewController.swift in Sources */,
				89E17016247A58BD004C3F45 /* LoginViewController.swift in Sources */,
				89921945246E450A0029BFF5 /* CountryDataManager.swift in Sources */,
				89346BFA24B71320005379EF /* createproject2ViewController.swift in Sources */,
				8906484924B4C8AC00325C5B /* TopicsClassifier.mlmodel in Sources */,
				892B0B4324750E2800D3FE7E /* CalendarViewController.swift in Sources */,
				8992194E246E45760029BFF5 /* SwiftyJSON.swift in Sources */,
				89E17018247A58DE004C3F45 /* RegisterViewController.swift in Sources */,
				89921952246E45CB0029BFF5 /* MapViewController.swift in Sources */,
				89F6535124B1D56D003C2B0A /* forgotPasswordViewController.swift in Sources */,
				89921944246E450A0029BFF5 /* DataManager.swift in Sources */,
				8920000224A642CC00EE47FA /* EndTimeViewController.swift in Sources */,
				89FDD3A924B632BD00DEBD96 /* SubjectTableViewController.swift in Sources */,
				89FE2A5D246477720006F595 /* Task.swift in Sources */,
				89517C81247233AC00503219 /* BreakViewController.swift in Sources */,
				8920000024A641E000EE47FA /* RepeatTableViewController.swift in Sources */,
				89921948246E45290029BFF5 /* SavedCountry.swift in Sources */,
				9E5C369C24AEF703006F16B5 /* createprojectViewController.swift in Sources */,
				898647002464653600A5C752 /* TaskViewController.swift in Sources */,
				9E5C36A424AEF753006F16B5 /* RoleDataManager.swift in Sources */,
				89921958246E46870029BFF5 /* BridgingHeader.m in Sources */,
				89B4E16C24B2D93900B5B841 /* Role.swift in Sources */,
				9E52C57C24B2BBE800444978 /* MemberTableViewCell.swift in Sources */,
				89E17010247A538A004C3F45 /* User.swift in Sources */,
				89C8AEFD247FE66B00F3F614 /* CommentCell.swift in Sources */,
				9E567DBD24AAFC0200DE6CDA /* ProjectDataManager.swift in Sources */,
			);
			runOnlyForDeploymentPostprocessing = 0;
		};
/* End PBXSourcesBuildPhase section */

/* Begin PBXVariantGroup section */
		898646EC2464626F00A5C752 /* Main.storyboard */ = {
			isa = PBXVariantGroup;
			children = (
				898646ED2464626F00A5C752 /* Base */,
			);
			name = Main.storyboard;
			sourceTree = "<group>";
		};
		898646F42464627000A5C752 /* LaunchScreen.storyboard */ = {
			isa = PBXVariantGroup;
			children = (
				898646F52464627000A5C752 /* Base */,
			);
			name = LaunchScreen.storyboard;
			sourceTree = "<group>";
		};
		9E567DC024AAFC3200DE6CDA /* Seb_LaunchScreen.storyboard */ = {
			isa = PBXVariantGroup;
			children = (
				9E567DC124AAFC3200DE6CDA /* Base */,
			);
			name = Seb_LaunchScreen.storyboard;
			sourceTree = "<group>";
		};
		9E5C36AB24AEF7AB006F16B5 /* Seb_Main.storyboard */ = {
			isa = PBXVariantGroup;
			children = (
				9E5C36AC24AEF7AB006F16B5 /* Base */,
			);
			name = Seb_Main.storyboard;
			sourceTree = "<group>";
		};
/* End PBXVariantGroup section */

/* Begin XCBuildConfiguration section */
		898646F82464627000A5C752 /* Debug */ = {
			isa = XCBuildConfiguration;
			buildSettings = {
				ALWAYS_SEARCH_USER_PATHS = NO;
				CLANG_ANALYZER_NONNULL = YES;
				CLANG_ANALYZER_NUMBER_OBJECT_CONVERSION = YES_AGGRESSIVE;
				CLANG_CXX_LANGUAGE_STANDARD = "gnu++14";
				CLANG_CXX_LIBRARY = "libc++";
				CLANG_ENABLE_MODULES = YES;
				CLANG_ENABLE_OBJC_ARC = YES;
				CLANG_ENABLE_OBJC_WEAK = YES;
				CLANG_WARN_BLOCK_CAPTURE_AUTORELEASING = YES;
				CLANG_WARN_BOOL_CONVERSION = YES;
				CLANG_WARN_COMMA = YES;
				CLANG_WARN_CONSTANT_CONVERSION = YES;
				CLANG_WARN_DEPRECATED_OBJC_IMPLEMENTATIONS = YES;
				CLANG_WARN_DIRECT_OBJC_ISA_USAGE = YES_ERROR;
				CLANG_WARN_DOCUMENTATION_COMMENTS = YES;
				CLANG_WARN_EMPTY_BODY = YES;
				CLANG_WARN_ENUM_CONVERSION = YES;
				CLANG_WARN_INFINITE_RECURSION = YES;
				CLANG_WARN_INT_CONVERSION = YES;
				CLANG_WARN_NON_LITERAL_NULL_CONVERSION = YES;
				CLANG_WARN_OBJC_IMPLICIT_RETAIN_SELF = YES;
				CLANG_WARN_OBJC_LITERAL_CONVERSION = YES;
				CLANG_WARN_OBJC_ROOT_CLASS = YES_ERROR;
				CLANG_WARN_RANGE_LOOP_ANALYSIS = YES;
				CLANG_WARN_STRICT_PROTOTYPES = YES;
				CLANG_WARN_SUSPICIOUS_MOVE = YES;
				CLANG_WARN_UNGUARDED_AVAILABILITY = YES_AGGRESSIVE;
				CLANG_WARN_UNREACHABLE_CODE = YES;
				CLANG_WARN__DUPLICATE_METHOD_MATCH = YES;
				COPY_PHASE_STRIP = NO;
				DEBUG_INFORMATION_FORMAT = dwarf;
				ENABLE_STRICT_OBJC_MSGSEND = YES;
				ENABLE_TESTABILITY = YES;
				GCC_C_LANGUAGE_STANDARD = gnu11;
				GCC_DYNAMIC_NO_PIC = NO;
				GCC_NO_COMMON_BLOCKS = YES;
				GCC_OPTIMIZATION_LEVEL = 0;
				GCC_PREPROCESSOR_DEFINITIONS = (
					"DEBUG=1",
					"$(inherited)",
				);
				GCC_WARN_64_TO_32_BIT_CONVERSION = YES;
				GCC_WARN_ABOUT_RETURN_TYPE = YES_ERROR;
				GCC_WARN_UNDECLARED_SELECTOR = YES;
				GCC_WARN_UNINITIALIZED_AUTOS = YES_AGGRESSIVE;
				GCC_WARN_UNUSED_FUNCTION = YES;
				GCC_WARN_UNUSED_VARIABLE = YES;
				IPHONEOS_DEPLOYMENT_TARGET = 13.4;
				MTL_ENABLE_DEBUG_INFO = INCLUDE_SOURCE;
				MTL_FAST_MATH = YES;
				ONLY_ACTIVE_ARCH = YES;
				SDKROOT = iphoneos;
				SWIFT_ACTIVE_COMPILATION_CONDITIONS = DEBUG;
				SWIFT_OPTIMIZATION_LEVEL = "-Onone";
			};
			name = Debug;
		};
		898646F92464627000A5C752 /* Release */ = {
			isa = XCBuildConfiguration;
			buildSettings = {
				ALWAYS_SEARCH_USER_PATHS = NO;
				CLANG_ANALYZER_NONNULL = YES;
				CLANG_ANALYZER_NUMBER_OBJECT_CONVERSION = YES_AGGRESSIVE;
				CLANG_CXX_LANGUAGE_STANDARD = "gnu++14";
				CLANG_CXX_LIBRARY = "libc++";
				CLANG_ENABLE_MODULES = YES;
				CLANG_ENABLE_OBJC_ARC = YES;
				CLANG_ENABLE_OBJC_WEAK = YES;
				CLANG_WARN_BLOCK_CAPTURE_AUTORELEASING = YES;
				CLANG_WARN_BOOL_CONVERSION = YES;
				CLANG_WARN_COMMA = YES;
				CLANG_WARN_CONSTANT_CONVERSION = YES;
				CLANG_WARN_DEPRECATED_OBJC_IMPLEMENTATIONS = YES;
				CLANG_WARN_DIRECT_OBJC_ISA_USAGE = YES_ERROR;
				CLANG_WARN_DOCUMENTATION_COMMENTS = YES;
				CLANG_WARN_EMPTY_BODY = YES;
				CLANG_WARN_ENUM_CONVERSION = YES;
				CLANG_WARN_INFINITE_RECURSION = YES;
				CLANG_WARN_INT_CONVERSION = YES;
				CLANG_WARN_NON_LITERAL_NULL_CONVERSION = YES;
				CLANG_WARN_OBJC_IMPLICIT_RETAIN_SELF = YES;
				CLANG_WARN_OBJC_LITERAL_CONVERSION = YES;
				CLANG_WARN_OBJC_ROOT_CLASS = YES_ERROR;
				CLANG_WARN_RANGE_LOOP_ANALYSIS = YES;
				CLANG_WARN_STRICT_PROTOTYPES = YES;
				CLANG_WARN_SUSPICIOUS_MOVE = YES;
				CLANG_WARN_UNGUARDED_AVAILABILITY = YES_AGGRESSIVE;
				CLANG_WARN_UNREACHABLE_CODE = YES;
				CLANG_WARN__DUPLICATE_METHOD_MATCH = YES;
				COPY_PHASE_STRIP = NO;
				DEBUG_INFORMATION_FORMAT = "dwarf-with-dsym";
				ENABLE_NS_ASSERTIONS = NO;
				ENABLE_STRICT_OBJC_MSGSEND = YES;
				GCC_C_LANGUAGE_STANDARD = gnu11;
				GCC_NO_COMMON_BLOCKS = YES;
				GCC_WARN_64_TO_32_BIT_CONVERSION = YES;
				GCC_WARN_ABOUT_RETURN_TYPE = YES_ERROR;
				GCC_WARN_UNDECLARED_SELECTOR = YES;
				GCC_WARN_UNINITIALIZED_AUTOS = YES_AGGRESSIVE;
				GCC_WARN_UNUSED_FUNCTION = YES;
				GCC_WARN_UNUSED_VARIABLE = YES;
				IPHONEOS_DEPLOYMENT_TARGET = 13.4;
				MTL_ENABLE_DEBUG_INFO = NO;
				MTL_FAST_MATH = YES;
				SDKROOT = iphoneos;
				SWIFT_COMPILATION_MODE = wholemodule;
				SWIFT_OPTIMIZATION_LEVEL = "-O";
				VALIDATE_PRODUCT = YES;
			};
			name = Release;
		};
		898646FB2464627000A5C752 /* Debug */ = {
			isa = XCBuildConfiguration;
			baseConfigurationReference = 4B23C1D54DB33B10CFBFF391 /* Pods-SwiftProj.debug.xcconfig */;
			buildSettings = {
				ASSETCATALOG_COMPILER_APPICON_NAME = AppIcon;
				CLANG_ENABLE_MODULES = YES;
				CODE_SIGN_STYLE = Automatic;
				INFOPLIST_FILE = SwiftProj/Info.plist;
				LD_RUNPATH_SEARCH_PATHS = (
					"$(inherited)",
					"@executable_path/Frameworks",
				);
				PRODUCT_BUNDLE_IDENTIFIER = com.ceewai.SwiftProj;
				PRODUCT_NAME = "$(TARGET_NAME)";
				SWIFT_OBJC_BRIDGING_HEADER = "SwiftProj/SwiftProj-Bridging-Header.h";
				SWIFT_OPTIMIZATION_LEVEL = "-Onone";
				SWIFT_VERSION = 5.0;
				TARGETED_DEVICE_FAMILY = "1,2";
			};
			name = Debug;
		};
		898646FC2464627000A5C752 /* Release */ = {
			isa = XCBuildConfiguration;
			baseConfigurationReference = F92B2CF8BD0DA21CD0B994EE /* Pods-SwiftProj.release.xcconfig */;
			buildSettings = {
				ASSETCATALOG_COMPILER_APPICON_NAME = AppIcon;
				CLANG_ENABLE_MODULES = YES;
				CODE_SIGN_STYLE = Automatic;
				INFOPLIST_FILE = SwiftProj/Info.plist;
				LD_RUNPATH_SEARCH_PATHS = (
					"$(inherited)",
					"@executable_path/Frameworks",
				);
				PRODUCT_BUNDLE_IDENTIFIER = com.ceewai.SwiftProj;
				PRODUCT_NAME = "$(TARGET_NAME)";
				SWIFT_OBJC_BRIDGING_HEADER = "SwiftProj/SwiftProj-Bridging-Header.h";
				SWIFT_VERSION = 5.0;
				TARGETED_DEVICE_FAMILY = "1,2";
			};
			name = Release;
		};
/* End XCBuildConfiguration section */

/* Begin XCConfigurationList section */
		898646DE2464626F00A5C752 /* Build configuration list for PBXProject "SwiftProj" */ = {
			isa = XCConfigurationList;
			buildConfigurations = (
				898646F82464627000A5C752 /* Debug */,
				898646F92464627000A5C752 /* Release */,
			);
			defaultConfigurationIsVisible = 0;
			defaultConfigurationName = Release;
		};
		898646FA2464627000A5C752 /* Build configuration list for PBXNativeTarget "SwiftProj" */ = {
			isa = XCConfigurationList;
			buildConfigurations = (
				898646FB2464627000A5C752 /* Debug */,
				898646FC2464627000A5C752 /* Release */,
			);
			defaultConfigurationIsVisible = 0;
			defaultConfigurationName = Release;
		};
/* End XCConfigurationList section */

/* Begin XCVersionGroup section */
		898646EF2464626F00A5C752 /* SwiftProj.xcdatamodeld */ = {
			isa = XCVersionGroup;
			children = (
				898646F02464626F00A5C752 /* SwiftProj.xcdatamodel */,
			);
			currentVersion = 898646F02464626F00A5C752 /* SwiftProj.xcdatamodel */;
			path = SwiftProj.xcdatamodeld;
			sourceTree = "<group>";
			versionGroupType = wrapper.xcdatamodel;
		};
/* End XCVersionGroup section */
	};
	rootObject = 898646DB2464626F00A5C752 /* Project object */;
}
